// !$*UTF8*$!
{
	archiveVersion = 1;
	classes = {
	};
	objectVersion = 46;
	objects = {

/* Begin PBXBuildFile section */
		D2C6F89D1A5FF2880050552A /* AppDelegate.swift in Sources */ = {isa = PBXBuildFile; fileRef = D2C6F89C1A5FF2880050552A /* AppDelegate.swift */; };
		D2C6F89F1A5FF2880050552A /* HBViewController.swift in Sources */ = {isa = PBXBuildFile; fileRef = D2C6F89E1A5FF2880050552A /* HBViewController.swift */; };
		D2C6F8A41A5FF2880050552A /* Images.xcassets in Resources */ = {isa = PBXBuildFile; fileRef = D2C6F8A31A5FF2880050552A /* Images.xcassets */; };
		D2C6F8B31A5FF2880050552A /* HitBackAppTests.swift in Sources */ = {isa = PBXBuildFile; fileRef = D2C6F8B21A5FF2880050552A /* HitBackAppTests.swift */; };
		D2C6F8BD1A5FF39B0050552A /* HBTitleScene.swift in Sources */ = {isa = PBXBuildFile; fileRef = D2C6F8BC1A5FF39B0050552A /* HBTitleScene.swift */; };
		D2C6F8C21A5FF3B10050552A /* HBGameOverScene.swift in Sources */ = {isa = PBXBuildFile; fileRef = D2C6F8BE1A5FF3B10050552A /* HBGameOverScene.swift */; };
		D2C6F8C31A5FF3B10050552A /* HBPlayScene.swift in Sources */ = {isa = PBXBuildFile; fileRef = D2C6F8BF1A5FF3B10050552A /* HBPlayScene.swift */; };
		D2C6F8C41A5FF3B10050552A /* spark.png in Resources */ = {isa = PBXBuildFile; fileRef = D2C6F8C01A5FF3B10050552A /* spark.png */; };
		D2C6F8C51A5FF3B10050552A /* spark.sks in Resources */ = {isa = PBXBuildFile; fileRef = D2C6F8C11A5FF3B10050552A /* spark.sks */; };
/* End PBXBuildFile section */

/* Begin PBXContainerItemProxy section */
		D2C6F8AD1A5FF2880050552A /* PBXContainerItemProxy */ = {
			isa = PBXContainerItemProxy;
			containerPortal = D2C6F88F1A5FF2880050552A /* Project object */;
			proxyType = 1;
			remoteGlobalIDString = D2C6F8961A5FF2880050552A;
			remoteInfo = HitBackApp;
		};
/* End PBXContainerItemProxy section */

/* Begin PBXFileReference section */
		D2C6F8971A5FF2880050552A /* HitBackApp.app */ = {isa = PBXFileReference; explicitFileType = wrapper.application; includeInIndex = 0; path = HitBackApp.app; sourceTree = BUILT_PRODUCTS_DIR; };
		D2C6F89B1A5FF2880050552A /* Info.plist */ = {isa = PBXFileReference; lastKnownFileType = text.plist.xml; path = Info.plist; sourceTree = "<group>"; };
		D2C6F89C1A5FF2880050552A /* AppDelegate.swift */ = {isa = PBXFileReference; lastKnownFileType = sourcecode.swift; path = AppDelegate.swift; sourceTree = "<group>"; };
		D2C6F89E1A5FF2880050552A /* HBViewController.swift */ = {isa = PBXFileReference; lastKnownFileType = sourcecode.swift; path = HBViewController.swift; sourceTree = "<group>"; };
		D2C6F8A31A5FF2880050552A /* Images.xcassets */ = {isa = PBXFileReference; lastKnownFileType = folder.assetcatalog; path = Images.xcassets; sourceTree = "<group>"; };
		D2C6F8AC1A5FF2880050552A /* HitBackAppTests.xctest */ = {isa = PBXFileReference; explicitFileType = wrapper.cfbundle; includeInIndex = 0; path = HitBackAppTests.xctest; sourceTree = BUILT_PRODUCTS_DIR; };
		D2C6F8B11A5FF2880050552A /* Info.plist */ = {isa = PBXFileReference; lastKnownFileType = text.plist.xml; path = Info.plist; sourceTree = "<group>"; };
		D2C6F8B21A5FF2880050552A /* HitBackAppTests.swift */ = {isa = PBXFileReference; lastKnownFileType = sourcecode.swift; path = HitBackAppTests.swift; sourceTree = "<group>"; };
		D2C6F8BC1A5FF39B0050552A /* HBTitleScene.swift */ = {isa = PBXFileReference; fileEncoding = 4; lastKnownFileType = sourcecode.swift; path = HBTitleScene.swift; sourceTree = "<group>"; };
		D2C6F8BE1A5FF3B10050552A /* HBGameOverScene.swift */ = {isa = PBXFileReference; fileEncoding = 4; lastKnownFileType = sourcecode.swift; path = HBGameOverScene.swift; sourceTree = "<group>"; };
		D2C6F8BF1A5FF3B10050552A /* HBPlayScene.swift */ = {isa = PBXFileReference; fileEncoding = 4; lastKnownFileType = sourcecode.swift; path = HBPlayScene.swift; sourceTree = "<group>"; };
		D2C6F8C01A5FF3B10050552A /* spark.png */ = {isa = PBXFileReference; lastKnownFileType = image.png; path = spark.png; sourceTree = "<group>"; };
		D2C6F8C11A5FF3B10050552A /* spark.sks */ = {isa = PBXFileReference; lastKnownFileType = file.sks; path = spark.sks; sourceTree = "<group>"; };
/* End PBXFileReference section */

/* Begin PBXFrameworksBuildPhase section */
		D2C6F8941A5FF2880050552A /* Frameworks */ = {
			isa = PBXFrameworksBuildPhase;
			buildActionMask = 2147483647;
			files = (
			);
			runOnlyForDeploymentPostprocessing = 0;
		};
		D2C6F8A91A5FF2880050552A /* Frameworks */ = {
			isa = PBXFrameworksBuildPhase;
			buildActionMask = 2147483647;
			files = (
			);
			runOnlyForDeploymentPostprocessing = 0;
		};
/* End PBXFrameworksBuildPhase section */

/* Begin PBXGroup section */
		D2C6F88E1A5FF2880050552A = {
			isa = PBXGroup;
			children = (
				D2C6F8991A5FF2880050552A /* HitBackApp */,
				D2C6F8AF1A5FF2880050552A /* HitBackAppTests */,
				D2C6F8981A5FF2880050552A /* Products */,
			);
			sourceTree = "<group>";
		};
		D2C6F8981A5FF2880050552A /* Products */ = {
			isa = PBXGroup;
			children = (
				D2C6F8971A5FF2880050552A /* HitBackApp.app */,
				D2C6F8AC1A5FF2880050552A /* HitBackAppTests.xctest */,
			);
			name = Products;
			sourceTree = "<group>";
		};
		D2C6F8991A5FF2880050552A /* HitBackApp */ = {
			isa = PBXGroup;
			children = (
				D2C6F89C1A5FF2880050552A /* AppDelegate.swift */,
				D2C6F89E1A5FF2880050552A /* HBViewController.swift */,
				D2C6F8A31A5FF2880050552A /* Images.xcassets */,
				D2C6F8BC1A5FF39B0050552A /* HBTitleScene.swift */,
				D2C6F8BE1A5FF3B10050552A /* HBGameOverScene.swift */,
				D2C6F8BF1A5FF3B10050552A /* HBPlayScene.swift */,
				D2C6F8C01A5FF3B10050552A /* spark.png */,
				D2C6F8C11A5FF3B10050552A /* spark.sks */,
				D2C6F89A1A5FF2880050552A /* Supporting Files */,
			);
			path = HitBackApp;
			sourceTree = "<group>";
		};
		D2C6F89A1A5FF2880050552A /* Supporting Files */ = {
			isa = PBXGroup;
			children = (
				D2C6F89B1A5FF2880050552A /* Info.plist */,
			);
			name = "Supporting Files";
			sourceTree = "<group>";
		};
		D2C6F8AF1A5FF2880050552A /* HitBackAppTests */ = {
			isa = PBXGroup;
			children = (
				D2C6F8B21A5FF2880050552A /* HitBackAppTests.swift */,
				D2C6F8B01A5FF2880050552A /* Supporting Files */,
			);
			path = HitBackAppTests;
			sourceTree = "<group>";
		};
		D2C6F8B01A5FF2880050552A /* Supporting Files */ = {
			isa = PBXGroup;
			children = (
				D2C6F8B11A5FF2880050552A /* Info.plist */,
			);
			name = "Supporting Files";
			sourceTree = "<group>";
		};
/* End PBXGroup section */

/* Begin PBXNativeTarget section */
		D2C6F8961A5FF2880050552A /* HitBackApp */ = {
			isa = PBXNativeTarget;
			buildConfigurationList = D2C6F8B61A5FF2880050552A /* Build configuration list for PBXNativeTarget "HitBackApp" */;
			buildPhases = (
				D2C6F8931A5FF2880050552A /* Sources */,
				D2C6F8941A5FF2880050552A /* Frameworks */,
				D2C6F8951A5FF2880050552A /* Resources */,
			);
			buildRules = (
			);
			dependencies = (
			);
			name = HitBackApp;
			productName = HitBackApp;
			productReference = D2C6F8971A5FF2880050552A /* HitBackApp.app */;
			productType = "com.apple.product-type.application";
		};
		D2C6F8AB1A5FF2880050552A /* HitBackAppTests */ = {
			isa = PBXNativeTarget;
			buildConfigurationList = D2C6F8B91A5FF2880050552A /* Build configuration list for PBXNativeTarget "HitBackAppTests" */;
			buildPhases = (
				D2C6F8A81A5FF2880050552A /* Sources */,
				D2C6F8A91A5FF2880050552A /* Frameworks */,
				D2C6F8AA1A5FF2880050552A /* Resources */,
			);
			buildRules = (
			);
			dependencies = (
				D2C6F8AE1A5FF2880050552A /* PBXTargetDependency */,
			);
			name = HitBackAppTests;
			productName = HitBackAppTests;
			productReference = D2C6F8AC1A5FF2880050552A /* HitBackAppTests.xctest */;
			productType = "com.apple.product-type.bundle.unit-test";
		};
/* End PBXNativeTarget section */

/* Begin PBXProject section */
		D2C6F88F1A5FF2880050552A /* Project object */ = {
			isa = PBXProject;
			attributes = {
				LastUpgradeCheck = 0610;
				ORGANIZATIONNAME = Kenzo;
				TargetAttributes = {
					D2C6F8961A5FF2880050552A = {
						CreatedOnToolsVersion = 6.1.1;
					};
					D2C6F8AB1A5FF2880050552A = {
						CreatedOnToolsVersion = 6.1.1;
						TestTargetID = D2C6F8961A5FF2880050552A;
					};
				};
			};
			buildConfigurationList = D2C6F8921A5FF2880050552A /* Build configuration list for PBXProject "HitBackApp" */;
			compatibilityVersion = "Xcode 3.2";
			developmentRegion = English;
			hasScannedForEncodings = 0;
			knownRegions = (
				en,
				Base,
			);
			mainGroup = D2C6F88E1A5FF2880050552A;
			productRefGroup = D2C6F8981A5FF2880050552A /* Products */;
			projectDirPath = "";
			projectRoot = "";
			targets = (
				D2C6F8961A5FF2880050552A /* HitBackApp */,
				D2C6F8AB1A5FF2880050552A /* HitBackAppTests */,
			);
		};
/* End PBXProject section */

/* Begin PBXResourcesBuildPhase section */
		D2C6F8951A5FF2880050552A /* Resources */ = {
			isa = PBXResourcesBuildPhase;
			buildActionMask = 2147483647;
			files = (
				D2C6F8A41A5FF2880050552A /* Images.xcassets in Resources */,
				D2C6F8C51A5FF3B10050552A /* spark.sks in Resources */,
				D2C6F8C41A5FF3B10050552A /* spark.png in Resources */,
			);
			runOnlyForDeploymentPostprocessing = 0;
		};
		D2C6F8AA1A5FF2880050552A /* Resources */ = {
			isa = PBXResourcesBuildPhase;
			buildActionMask = 2147483647;
			files = (
			);
			runOnlyForDeploymentPostprocessing = 0;
		};
/* End PBXResourcesBuildPhase section */

/* Begin PBXSourcesBuildPhase section */
		D2C6F8931A5FF2880050552A /* Sources */ = {
			isa = PBXSourcesBuildPhase;
			buildActionMask = 2147483647;
			files = (
				D2C6F8C21A5FF3B10050552A /* HBGameOverScene.swift in Sources */,
				D2C6F8BD1A5FF39B0050552A /* HBTitleScene.swift in Sources */,
				D2C6F8C31A5FF3B10050552A /* HBPlayScene.swift in Sources */,
				D2C6F89F1A5FF2880050552A /* HBViewController.swift in Sources */,
				D2C6F89D1A5FF2880050552A /* AppDelegate.swift in Sources */,
			);
			runOnlyForDeploymentPostprocessing = 0;
		};
		D2C6F8A81A5FF2880050552A /* Sources */ = {
			isa = PBXSourcesBuildPhase;
			buildActionMask = 2147483647;
			files = (
				D2C6F8B31A5FF2880050552A /* HitBackAppTests.swift in Sources */,
			);
			runOnlyForDeploymentPostprocessing = 0;
		};
/* End PBXSourcesBuildPhase section */

/* Begin PBXTargetDependency section */
		D2C6F8AE1A5FF2880050552A /* PBXTargetDependency */ = {
			isa = PBXTargetDependency;
			target = D2C6F8961A5FF2880050552A /* HitBackApp */;
			targetProxy = D2C6F8AD1A5FF2880050552A /* PBXContainerItemProxy */;
		};
/* End PBXTargetDependency section */

/* Begin XCBuildConfiguration section */
		D2C6F8B41A5FF2880050552A /* Debug */ = {
			isa = XCBuildConfiguration;
			buildSettings = {
				ALWAYS_SEARCH_USER_PATHS = NO;
				CLANG_CXX_LANGUAGE_STANDARD = "gnu++0x";
				CLANG_CXX_LIBRARY = "libc++";
				CLANG_ENABLE_MODULES = YES;
				CLANG_ENABLE_OBJC_ARC = YES;
				CLANG_WARN_BOOL_CONVERSION = YES;
				CLANG_WARN_CONSTANT_CONVERSION = YES;
				CLANG_WARN_DIRECT_OBJC_ISA_USAGE = YES_ERROR;
				CLANG_WARN_EMPTY_BODY = YES;
				CLANG_WARN_ENUM_CONVERSION = YES;
				CLANG_WARN_INT_CONVERSION = YES;
				CLANG_WARN_OBJC_ROOT_CLASS = YES_ERROR;
				CLANG_WARN_UNREACHABLE_CODE = YES;
				CLANG_WARN__DUPLICATE_METHOD_MATCH = YES;
				"CODE_SIGN_IDENTITY[sdk=iphoneos*]" = "iPhone Developer";
				COPY_PHASE_STRIP = NO;
				ENABLE_STRICT_OBJC_MSGSEND = YES;
				GCC_C_LANGUAGE_STANDARD = gnu99;
				GCC_DYNAMIC_NO_PIC = NO;
				GCC_OPTIMIZATION_LEVEL = 0;
				GCC_PREPROCESSOR_DEFINITIONS = (
					"DEBUG=1",
					"$(inherited)",
				);
				GCC_SYMBOLS_PRIVATE_EXTERN = NO;
				GCC_WARN_64_TO_32_BIT_CONVERSION = YES;
				GCC_WARN_ABOUT_RETURN_TYPE = YES_ERROR;
				GCC_WARN_UNDECLARED_SELECTOR = YES;
				GCC_WARN_UNINITIALIZED_AUTOS = YES_AGGRESSIVE;
				GCC_WARN_UNUSED_FUNCTION = YES;
				GCC_WARN_UNUSED_VARIABLE = YES;
				IPHONEOS_DEPLOYMENT_TARGET = 8.1;
				MTL_ENABLE_DEBUG_INFO = YES;
				ONLY_ACTIVE_ARCH = YES;
				SDKROOT = iphoneos;
				SWIFT_OPTIMIZATION_LEVEL = "-Onone";
			};
			name = Debug;
		};
		D2C6F8B51A5FF2880050552A /* Release */ = {
			isa = XCBuildConfiguration;
			buildSettings = {
				ALWAYS_SEARCH_USER_PATHS = NO;
				CLANG_CXX_LANGUAGE_STANDARD = "gnu++0x";
				CLANG_CXX_LIBRARY = "libc++";
				CLANG_ENABLE_MODULES = YES;
				CLANG_ENABLE_OBJC_ARC = YES;
				CLANG_WARN_BOOL_CONVERSION = YES;
				CLANG_WARN_CONSTANT_CONVERSION = YES;
				CLANG_WARN_DIRECT_OBJC_ISA_USAGE = YES_ERROR;
				CLANG_WARN_EMPTY_BODY = YES;
				CLANG_WARN_ENUM_CONVERSION = YES;
				CLANG_WARN_INT_CONVERSION = YES;
				CLANG_WARN_OBJC_ROOT_CLASS = YES_ERROR;
				CLANG_WARN_UNREACHABLE_CODE = YES;
				CLANG_WARN__DUPLICATE_METHOD_MATCH = YES;
				"CODE_SIGN_IDENTITY[sdk=iphoneos*]" = "iPhone Developer";
				COPY_PHASE_STRIP = YES;
				ENABLE_NS_ASSERTIONS = NO;
				ENABLE_STRICT_OBJC_MSGSEND = YES;
				GCC_C_LANGUAGE_STANDARD = gnu99;
				GCC_WARN_64_TO_32_BIT_CONVERSION = YES;
				GCC_WARN_ABOUT_RETURN_TYPE = YES_ERROR;
				GCC_WARN_UNDECLARED_SELECTOR = YES;
				GCC_WARN_UNINITIALIZED_AUTOS = YES_AGGRESSIVE;
				GCC_WARN_UNUSED_FUNCTION = YES;
				GCC_WARN_UNUSED_VARIABLE = YES;
				IPHONEOS_DEPLOYMENT_TARGET = 8.1;
				MTL_ENABLE_DEBUG_INFO = NO;
				SDKROOT = iphoneos;
				VALIDATE_PRODUCT = YES;
			};
			name = Release;
		};
		D2C6F8B71A5FF2880050552A /* Debug */ = {
			isa = XCBuildConfiguration;
			buildSettings = {
				ASSETCATALOG_COMPILER_APPICON_NAME = AppIcon;
				INFOPLIST_FILE = HitBackApp/Info.plist;
				LD_RUNPATH_SEARCH_PATHS = "$(inherited) @executable_path/Frameworks";
				PRODUCT_NAME = "$(TARGET_NAME)";
			};
			name = Debug;
		};
		D2C6F8B81A5FF2880050552A /* Release */ = {
			isa = XCBuildConfiguration;
			buildSettings = {
				ASSETCATALOG_COMPILER_APPICON_NAME = AppIcon;
				INFOPLIST_FILE = HitBackApp/Info.plist;
				LD_RUNPATH_SEARCH_PATHS = "$(inherited) @executable_path/Frameworks";
				PRODUCT_NAME = "$(TARGET_NAME)";
			};
			name = Release;
		};
		D2C6F8BA1A5FF2880050552A /* Debug */ = {
			isa = XCBuildConfiguration;
			buildSettings = {
				BUNDLE_LOADER = "$(TEST_HOST)";
				FRAMEWORK_SEARCH_PATHS = (
					"$(SDKROOT)/Developer/Library/Frameworks",
					"$(inherited)",
				);
				GCC_PREPROCESSOR_DEFINITIONS = (
					"DEBUG=1",
					"$(inherited)",
				);
				INFOPLIST_FILE = HitBackAppTests/Info.plist;
				LD_RUNPATH_SEARCH_PATHS = "$(inherited) @executable_path/Frameworks @loader_path/Frameworks";
				PRODUCT_NAME = "$(TARGET_NAME)";
				TEST_HOST = "$(BUILT_PRODUCTS_DIR)/HitBackApp.app/HitBackApp";
			};
			name = Debug;
		};
		D2C6F8BB1A5FF2880050552A /* Release */ = {
			isa = XCBuildConfiguration;
			buildSettings = {
				BUNDLE_LOADER = "$(TEST_HOST)";
				FRAMEWORK_SEARCH_PATHS = (
					"$(SDKROOT)/Developer/Library/Frameworks",
					"$(inherited)",
				);
				INFOPLIST_FILE = HitBackAppTests/Info.plist;
				LD_RUNPATH_SEARCH_PATHS = "$(inherited) @executable_path/Frameworks @loader_path/Frameworks";
				PRODUCT_NAME = "$(TARGET_NAME)";
				TEST_HOST = "$(BUILT_PRODUCTS_DIR)/HitBackApp.app/HitBackApp";
			};
			name = Release;
		};
/* End XCBuildConfiguration section */

/* Begin XCConfigurationList section */
		D2C6F8921A5FF2880050552A /* Build configuration list for PBXProject "HitBackApp" */ = {
			isa = XCConfigurationList;
			buildConfigurations = (
				D2C6F8B41A5FF2880050552A /* Debug */,
				D2C6F8B51A5FF2880050552A /* Release */,
			);
			defaultConfigurationIsVisible = 0;
			defaultConfigurationName = Release;
		};
		D2C6F8B61A5FF2880050552A /* Build configuration list for PBXNativeTarget "HitBackApp" */ = {
			isa = XCConfigurationList;
			buildConfigurations = (
				D2C6F8B71A5FF2880050552A /* Debug */,
				D2C6F8B81A5FF2880050552A /* Release */,
			);
			defaultConfigurationIsVisible = 0;
		};
		D2C6F8B91A5FF2880050552A /* Build configuration list for PBXNativeTarget "HitBackAppTests" */ = {
			isa = XCConfigurationList;
			buildConfigurations = (
				D2C6F8BA1A5FF2880050552A /* Debug */,
				D2C6F8BB1A5FF2880050552A /* Release */,
			);
			defaultConfigurationIsVisible = 0;
		};
/* End XCConfigurationList section */
	};
	rootObject = D2C6F88F1A5FF2880050552A /* Project object */;
}
