// !$*UTF8*$!
{
	archiveVersion = 1;
	classes = {
	};
	objectVersion = 46;
	objects = {

/* Begin PBXBuildFile section */
		D227FBA61A97922A00CBDFE2 /* tutorial3.png in Resources */ = {isa = PBXBuildFile; fileRef = D227FBA41A97922A00CBDFE2 /* tutorial3.png */; };
		D227FBA71A97922A00CBDFE2 /* tutorial4.png in Resources */ = {isa = PBXBuildFile; fileRef = D227FBA51A97922A00CBDFE2 /* tutorial4.png */; };
		D227FBAA1A97934700CBDFE2 /* startText1.png in Resources */ = {isa = PBXBuildFile; fileRef = D227FBA81A97934700CBDFE2 /* startText1.png */; };
		D227FBAB1A97934700CBDFE2 /* startText2.png in Resources */ = {isa = PBXBuildFile; fileRef = D227FBA91A97934700CBDFE2 /* startText2.png */; };
		D227FBAD1A988BCB00CBDFE2 /* Alert.swift in Sources */ = {isa = PBXBuildFile; fileRef = D227FBAC1A988BCB00CBDFE2 /* Alert.swift */; };
		D22D48191A93688300ACDC43 /* HBAbstractBannerAdViewController.swift in Sources */ = {isa = PBXBuildFile; fileRef = D22D48181A93688300ACDC43 /* HBAbstractBannerAdViewController.swift */; };
		D22D481B1A93755700ACDC43 /* HBAbstractInterstitialAdViewController.swift in Sources */ = {isa = PBXBuildFile; fileRef = D22D481A1A93755700ACDC43 /* HBAbstractInterstitialAdViewController.swift */; };
		D230E2DD1AC81A75003A28E6 /* HBStageSelectViewController.swift in Sources */ = {isa = PBXBuildFile; fileRef = D230E2DC1AC81A75003A28E6 /* HBStageSelectViewController.swift */; };
		D230E2DF1AC998E9003A28E6 /* HBStageCell.swift in Sources */ = {isa = PBXBuildFile; fileRef = D230E2DE1AC998E9003A28E6 /* HBStageCell.swift */; };
		D24033BA1A9644EE003F0ACB /* Constants.swift in Sources */ = {isa = PBXBuildFile; fileRef = D24033B91A9644EE003F0ACB /* Constants.swift */; };
		D24CB2EC1AB2DF10007FFADD /* BestScoreManager.swift in Sources */ = {isa = PBXBuildFile; fileRef = D24CB2EB1AB2DF10007FFADD /* BestScoreManager.swift */; };
		D24CB2EE1AB3F2BD007FFADD /* Config.swift in Sources */ = {isa = PBXBuildFile; fileRef = D24CB2ED1AB3F2BD007FFADD /* Config.swift */; };
		D2671A531A85EB31007FFDBE /* EnemyBase.swift in Sources */ = {isa = PBXBuildFile; fileRef = D2671A521A85EB31007FFDBE /* EnemyBase.swift */; };
		D2671A561A85F33B007FFDBE /* NormalEnemy.swift in Sources */ = {isa = PBXBuildFile; fileRef = D2671A551A85F33B007FFDBE /* NormalEnemy.swift */; };
		D2671A581A85FFC8007FFDBE /* QuickEnemy.swift in Sources */ = {isa = PBXBuildFile; fileRef = D2671A571A85FFC8007FFDBE /* QuickEnemy.swift */; };
		D2671A5A1A8612CE007FFDBE /* HBUtils.swift in Sources */ = {isa = PBXBuildFile; fileRef = D2671A591A8612CE007FFDBE /* HBUtils.swift */; };
		D2671A621A867125007FFDBE /* UIImage+Utils.swift in Sources */ = {isa = PBXBuildFile; fileRef = D2671A611A867125007FFDBE /* UIImage+Utils.swift */; };
		D26A84621A8BA81D00904761 /* background.png in Resources */ = {isa = PBXBuildFile; fileRef = D26A84611A8BA81D00904761 /* background.png */; };
		D26A84651A8BA92900904761 /* enemy.png in Resources */ = {isa = PBXBuildFile; fileRef = D26A84631A8BA92900904761 /* enemy.png */; };
		D26A84661A8BA92900904761 /* quickEnemy.png in Resources */ = {isa = PBXBuildFile; fileRef = D26A84641A8BA92900904761 /* quickEnemy.png */; };
		D26A84791A8F000200904761 /* rankingButton.png in Resources */ = {isa = PBXBuildFile; fileRef = D26A84761A8F000200904761 /* rankingButton.png */; };
		D26A847A1A8F000200904761 /* startButton.png in Resources */ = {isa = PBXBuildFile; fileRef = D26A84771A8F000200904761 /* startButton.png */; };
		D26A847B1A8F000200904761 /* titleImage.png in Resources */ = {isa = PBXBuildFile; fileRef = D26A84781A8F000200904761 /* titleImage.png */; };
		D26A847F1A8F00F700904761 /* retryButton.png in Resources */ = {isa = PBXBuildFile; fileRef = D26A847D1A8F00F700904761 /* retryButton.png */; };
		D26A84801A8F00F700904761 /* toTitleButton.png in Resources */ = {isa = PBXBuildFile; fileRef = D26A847E1A8F00F700904761 /* toTitleButton.png */; };
		D26A84871A8F0D9A00904761 /* comboLabel.png in Resources */ = {isa = PBXBuildFile; fileRef = D26A84831A8F0D9A00904761 /* comboLabel.png */; };
		D26A84881A8F0D9A00904761 /* gameOverLabel.png in Resources */ = {isa = PBXBuildFile; fileRef = D26A84841A8F0D9A00904761 /* gameOverLabel.png */; };
		D26A84891A8F0D9A00904761 /* scoreLabel.png in Resources */ = {isa = PBXBuildFile; fileRef = D26A84851A8F0D9A00904761 /* scoreLabel.png */; };
		D27063DD1A87886400D21E9D /* spaceCat_bounce.png in Resources */ = {isa = PBXBuildFile; fileRef = D27063DA1A87886400D21E9D /* spaceCat_bounce.png */; };
		D27063DE1A87886400D21E9D /* spaceCat_down.png in Resources */ = {isa = PBXBuildFile; fileRef = D27063DB1A87886400D21E9D /* spaceCat_down.png */; };
		D27063DF1A87886400D21E9D /* spaceCat_smile.png in Resources */ = {isa = PBXBuildFile; fileRef = D27063DC1A87886400D21E9D /* spaceCat_smile.png */; };
		D27063E11A8789D400D21E9D /* spaceCat.png in Resources */ = {isa = PBXBuildFile; fileRef = D27063E01A8789D400D21E9D /* spaceCat.png */; };
		D28B19151A8BA60500758A87 /* earth.png in Resources */ = {isa = PBXBuildFile; fileRef = D28B19141A8BA60500758A87 /* earth.png */; };
		D29011F31A7795BD00C23E30 /* libGoogleAdMobAds.a in Frameworks */ = {isa = PBXBuildFile; fileRef = D29011E81A7795BD00C23E30 /* libGoogleAdMobAds.a */; };
		D29011F41A7795BE00C23E30 /* libAdapterIAd.a in Frameworks */ = {isa = PBXBuildFile; fileRef = D29011EA1A7795BD00C23E30 /* libAdapterIAd.a */; };
		D29011F51A7795BE00C23E30 /* libAdapterNend.a in Frameworks */ = {isa = PBXBuildFile; fileRef = D29011EB1A7795BD00C23E30 /* libAdapterNend.a */; };
		D29011F61A7795BE00C23E30 /* libNendAd.a in Frameworks */ = {isa = PBXBuildFile; fileRef = D29011ED1A7795BD00C23E30 /* libNendAd.a */; };
		D29011F81A77964300C23E30 /* AdSupport.framework in Frameworks */ = {isa = PBXBuildFile; fileRef = D29011F71A77964300C23E30 /* AdSupport.framework */; };
		D29011FA1A77965A00C23E30 /* AudioToolbox.framework in Frameworks */ = {isa = PBXBuildFile; fileRef = D29011F91A77965A00C23E30 /* AudioToolbox.framework */; };
		D29011FC1A77966200C23E30 /* AVFoundation.framework in Frameworks */ = {isa = PBXBuildFile; fileRef = D29011FB1A77966200C23E30 /* AVFoundation.framework */; };
		D29011FE1A77966A00C23E30 /* CoreGraphics.framework in Frameworks */ = {isa = PBXBuildFile; fileRef = D29011FD1A77966A00C23E30 /* CoreGraphics.framework */; };
		D29012001A77967200C23E30 /* MessageUI.framework in Frameworks */ = {isa = PBXBuildFile; fileRef = D29011FF1A77967200C23E30 /* MessageUI.framework */; };
		D29012021A77967B00C23E30 /* StoreKit.framework in Frameworks */ = {isa = PBXBuildFile; fileRef = D29012011A77967B00C23E30 /* StoreKit.framework */; };
		D29012041A77968800C23E30 /* SystemConfiguration.framework in Frameworks */ = {isa = PBXBuildFile; fileRef = D29012031A77968800C23E30 /* SystemConfiguration.framework */; };
		D29012061A77969D00C23E30 /* CoreTelephony.framework in Frameworks */ = {isa = PBXBuildFile; fileRef = D29012051A77969D00C23E30 /* CoreTelephony.framework */; };
		D29012081A7796C200C23E30 /* iAd.framework in Frameworks */ = {isa = PBXBuildFile; fileRef = D29012071A7796C200C23E30 /* iAd.framework */; };
		D290120A1A7796CA00C23E30 /* Security.framework in Frameworks */ = {isa = PBXBuildFile; fileRef = D29012091A7796CA00C23E30 /* Security.framework */; };
		D290120C1A7796D000C23E30 /* ImageIO.framework in Frameworks */ = {isa = PBXBuildFile; fileRef = D290120B1A7796D000C23E30 /* ImageIO.framework */; };
		D29012141A77B36B00C23E30 /* HBGameOverViewController.swift in Sources */ = {isa = PBXBuildFile; fileRef = D29012131A77B36B00C23E30 /* HBGameOverViewController.swift */; };
		D294B3E11A9987C60053439F /* touchText.png in Resources */ = {isa = PBXBuildFile; fileRef = D294B3E01A9987C60053439F /* touchText.png */; };
		D294B3E31A9995BA0053439F /* Launch Screen.xib in Resources */ = {isa = PBXBuildFile; fileRef = D294B3E21A9995BA0053439F /* Launch Screen.xib */; };
		D294B3E51A9996080053439F /* team_logo.png in Resources */ = {isa = PBXBuildFile; fileRef = D294B3E41A9996080053439F /* team_logo.png */; };
		D29D9EFD1A7CE1190055D55D /* ball_covered.png in Resources */ = {isa = PBXBuildFile; fileRef = D29D9EFB1A7CE1190055D55D /* ball_covered.png */; };
		D29D9EFE1A7CE1190055D55D /* ball_normal.png in Resources */ = {isa = PBXBuildFile; fileRef = D29D9EFC1A7CE1190055D55D /* ball_normal.png */; };
		D2AB0ED61A8B9DCE00BA1A27 /* icon.png in Resources */ = {isa = PBXBuildFile; fileRef = D2AB0ED51A8B9DCE00BA1A27 /* icon.png */; };
		D2AB0EDF1A8B9DDE00BA1A27 /* retry.png in Resources */ = {isa = PBXBuildFile; fileRef = D2AB0ED91A8B9DDE00BA1A27 /* retry.png */; };
		D2C35D9B1A77DE4900D829C3 /* SceneEscapeProtocol.swift in Sources */ = {isa = PBXBuildFile; fileRef = D2C35D9A1A77DE4900D829C3 /* SceneEscapeProtocol.swift */; };
		D2C538CB1A7F993F00CC8E3B /* GameKit.framework in Frameworks */ = {isa = PBXBuildFile; fileRef = D2C538CA1A7F993F00CC8E3B /* GameKit.framework */; };
		D2C6F89D1A5FF2880050552A /* AppDelegate.swift in Sources */ = {isa = PBXBuildFile; fileRef = D2C6F89C1A5FF2880050552A /* AppDelegate.swift */; };
		D2C6F8A41A5FF2880050552A /* Images.xcassets in Resources */ = {isa = PBXBuildFile; fileRef = D2C6F8A31A5FF2880050552A /* Images.xcassets */; };
		D2C6F8B31A5FF2880050552A /* HitBackAppTests.swift in Sources */ = {isa = PBXBuildFile; fileRef = D2C6F8B21A5FF2880050552A /* HitBackAppTests.swift */; };
		D2C6F8C41A5FF3B10050552A /* spark.png in Resources */ = {isa = PBXBuildFile; fileRef = D2C6F8C01A5FF3B10050552A /* spark.png */; };
		D2C6F8C51A5FF3B10050552A /* spark.sks in Resources */ = {isa = PBXBuildFile; fileRef = D2C6F8C11A5FF3B10050552A /* spark.sks */; };
		D2C753871AC69D860037961E /* HBPlaySceneFactory.swift in Sources */ = {isa = PBXBuildFile; fileRef = D2C753861AC69D860037961E /* HBPlaySceneFactory.swift */; };
		D2C753891AC69EAA0037961E /* HBNormalPlaySceneFactory.swift in Sources */ = {isa = PBXBuildFile; fileRef = D2C753881AC69EAA0037961E /* HBNormalPlaySceneFactory.swift */; };
		D2C7538B1AC69ECA0037961E /* HBHighSpeedPlaySceneFactory.swift in Sources */ = {isa = PBXBuildFile; fileRef = D2C7538A1AC69ECA0037961E /* HBHighSpeedPlaySceneFactory.swift */; };
		D2C7538D1AC6A0BE0037961E /* HBPlayScene.swift in Sources */ = {isa = PBXBuildFile; fileRef = D2C7538C1AC6A0BE0037961E /* HBPlayScene.swift */; };
		D2C753901AC6AF6C0037961E /* HBHighSpeedPlayScene.swift in Sources */ = {isa = PBXBuildFile; fileRef = D2C7538F1AC6AF6C0037961E /* HBHighSpeedPlayScene.swift */; };
		D2C983A91A8F9828009013B8 /* scoreLabel_gameScene.png in Resources */ = {isa = PBXBuildFile; fileRef = D2C983A71A8F9828009013B8 /* scoreLabel_gameScene.png */; };
		D2C983AB1A8F9842009013B8 /* bestScoreLabel.png in Resources */ = {isa = PBXBuildFile; fileRef = D2C983AA1A8F9842009013B8 /* bestScoreLabel.png */; };
		D2C983AD1A8F9EA0009013B8 /* scoreLabel_gameOver.png in Resources */ = {isa = PBXBuildFile; fileRef = D2C983AC1A8F9EA0009013B8 /* scoreLabel_gameOver.png */; };
		D2C983B51A90B188009013B8 /* tutorial1.png in Resources */ = {isa = PBXBuildFile; fileRef = D2C983B11A90B188009013B8 /* tutorial1.png */; };
		D2C983BB1A90B1F2009013B8 /* backButton.png in Resources */ = {isa = PBXBuildFile; fileRef = D2C983B91A90B1F2009013B8 /* backButton.png */; };
		D2C983C21A90B247009013B8 /* HBTutorialViewController.swift in Sources */ = {isa = PBXBuildFile; fileRef = D2C983C11A90B247009013B8 /* HBTutorialViewController.swift */; };
		D2C983C41A90B69E009013B8 /* tutorialButton.png in Resources */ = {isa = PBXBuildFile; fileRef = D2C983C31A90B69E009013B8 /* tutorialButton.png */; };
		D2C983CC1A90EFED009013B8 /* tutorial2.png in Resources */ = {isa = PBXBuildFile; fileRef = D2C983CB1A90EFED009013B8 /* tutorial2.png */; };
		D2C983D11A63B97200EE60C6 /* Default-568h@2x.png in Resources */ = {isa = PBXBuildFile; fileRef = D2C983D01A63B97200EE60C6 /* Default-568h@2x.png */; };
		D2C983D61A63CDAD00EE60C6 /* HBTitleViewController.swift in Sources */ = {isa = PBXBuildFile; fileRef = D2C983D51A63CDAD00EE60C6 /* HBTitleViewController.swift */; };
		D2C983D81A655DBB00EE60C6 /* HBSingleViewController.swift in Sources */ = {isa = PBXBuildFile; fileRef = D2C983D71A655DBB00EE60C6 /* HBSingleViewController.swift */; };
		D2C983DA1A655E5A00EE60C6 /* HBSinglePlayScene.swift in Sources */ = {isa = PBXBuildFile; fileRef = D2C983D91A655E5A00EE60C6 /* HBSinglePlayScene.swift */; };
/* End PBXBuildFile section */

/* Begin PBXContainerItemProxy section */
		D2C6F8AD1A5FF2880050552A /* PBXContainerItemProxy */ = {
			isa = PBXContainerItemProxy;
			containerPortal = D2C6F88F1A5FF2880050552A /* Project object */;
			proxyType = 1;
			remoteGlobalIDString = D2C6F8961A5FF2880050552A;
			remoteInfo = HitBackApp;
		};
/* End PBXContainerItemProxy section */

/* Begin PBXFileReference section */
		D227FBA41A97922A00CBDFE2 /* tutorial3.png */ = {isa = PBXFileReference; lastKnownFileType = image.png; path = tutorial3.png; sourceTree = "<group>"; };
		D227FBA51A97922A00CBDFE2 /* tutorial4.png */ = {isa = PBXFileReference; lastKnownFileType = image.png; path = tutorial4.png; sourceTree = "<group>"; };
		D227FBA81A97934700CBDFE2 /* startText1.png */ = {isa = PBXFileReference; lastKnownFileType = image.png; path = startText1.png; sourceTree = "<group>"; };
		D227FBA91A97934700CBDFE2 /* startText2.png */ = {isa = PBXFileReference; lastKnownFileType = image.png; path = startText2.png; sourceTree = "<group>"; };
		D227FBAC1A988BCB00CBDFE2 /* Alert.swift */ = {isa = PBXFileReference; fileEncoding = 4; lastKnownFileType = sourcecode.swift; path = Alert.swift; sourceTree = "<group>"; };
		D22D48181A93688300ACDC43 /* HBAbstractBannerAdViewController.swift */ = {isa = PBXFileReference; fileEncoding = 4; lastKnownFileType = sourcecode.swift; path = HBAbstractBannerAdViewController.swift; sourceTree = "<group>"; };
		D22D481A1A93755700ACDC43 /* HBAbstractInterstitialAdViewController.swift */ = {isa = PBXFileReference; fileEncoding = 4; lastKnownFileType = sourcecode.swift; path = HBAbstractInterstitialAdViewController.swift; sourceTree = "<group>"; };
		D230E2DC1AC81A75003A28E6 /* HBStageSelectViewController.swift */ = {isa = PBXFileReference; fileEncoding = 4; lastKnownFileType = sourcecode.swift; path = HBStageSelectViewController.swift; sourceTree = "<group>"; };
		D230E2DE1AC998E9003A28E6 /* HBStageCell.swift */ = {isa = PBXFileReference; fileEncoding = 4; lastKnownFileType = sourcecode.swift; path = HBStageCell.swift; sourceTree = "<group>"; };
		D24033B91A9644EE003F0ACB /* Constants.swift */ = {isa = PBXFileReference; fileEncoding = 4; lastKnownFileType = sourcecode.swift; path = Constants.swift; sourceTree = "<group>"; };
		D24CB2EB1AB2DF10007FFADD /* BestScoreManager.swift */ = {isa = PBXFileReference; fileEncoding = 4; lastKnownFileType = sourcecode.swift; path = BestScoreManager.swift; sourceTree = "<group>"; };
		D24CB2ED1AB3F2BD007FFADD /* Config.swift */ = {isa = PBXFileReference; fileEncoding = 4; lastKnownFileType = sourcecode.swift; path = Config.swift; sourceTree = "<group>"; };
		D2671A521A85EB31007FFDBE /* EnemyBase.swift */ = {isa = PBXFileReference; fileEncoding = 4; lastKnownFileType = sourcecode.swift; path = EnemyBase.swift; sourceTree = "<group>"; };
		D2671A551A85F33B007FFDBE /* NormalEnemy.swift */ = {isa = PBXFileReference; fileEncoding = 4; lastKnownFileType = sourcecode.swift; path = NormalEnemy.swift; sourceTree = "<group>"; };
		D2671A571A85FFC8007FFDBE /* QuickEnemy.swift */ = {isa = PBXFileReference; fileEncoding = 4; lastKnownFileType = sourcecode.swift; path = QuickEnemy.swift; sourceTree = "<group>"; };
		D2671A591A8612CE007FFDBE /* HBUtils.swift */ = {isa = PBXFileReference; fileEncoding = 4; lastKnownFileType = sourcecode.swift; path = HBUtils.swift; sourceTree = "<group>"; };
		D2671A611A867125007FFDBE /* UIImage+Utils.swift */ = {isa = PBXFileReference; fileEncoding = 4; lastKnownFileType = sourcecode.swift; path = "UIImage+Utils.swift"; sourceTree = "<group>"; };
		D26A84611A8BA81D00904761 /* background.png */ = {isa = PBXFileReference; lastKnownFileType = image.png; path = background.png; sourceTree = "<group>"; };
		D26A84631A8BA92900904761 /* enemy.png */ = {isa = PBXFileReference; lastKnownFileType = image.png; path = enemy.png; sourceTree = "<group>"; };
		D26A84641A8BA92900904761 /* quickEnemy.png */ = {isa = PBXFileReference; lastKnownFileType = image.png; path = quickEnemy.png; sourceTree = "<group>"; };
		D26A84761A8F000200904761 /* rankingButton.png */ = {isa = PBXFileReference; lastKnownFileType = image.png; path = rankingButton.png; sourceTree = "<group>"; };
		D26A84771A8F000200904761 /* startButton.png */ = {isa = PBXFileReference; lastKnownFileType = image.png; path = startButton.png; sourceTree = "<group>"; };
		D26A84781A8F000200904761 /* titleImage.png */ = {isa = PBXFileReference; lastKnownFileType = image.png; path = titleImage.png; sourceTree = "<group>"; };
		D26A847D1A8F00F700904761 /* retryButton.png */ = {isa = PBXFileReference; lastKnownFileType = image.png; path = retryButton.png; sourceTree = "<group>"; };
		D26A847E1A8F00F700904761 /* toTitleButton.png */ = {isa = PBXFileReference; lastKnownFileType = image.png; path = toTitleButton.png; sourceTree = "<group>"; };
		D26A84831A8F0D9A00904761 /* comboLabel.png */ = {isa = PBXFileReference; lastKnownFileType = image.png; path = comboLabel.png; sourceTree = "<group>"; };
		D26A84841A8F0D9A00904761 /* gameOverLabel.png */ = {isa = PBXFileReference; lastKnownFileType = image.png; path = gameOverLabel.png; sourceTree = "<group>"; };
		D26A84851A8F0D9A00904761 /* scoreLabel.png */ = {isa = PBXFileReference; lastKnownFileType = image.png; path = scoreLabel.png; sourceTree = "<group>"; };
		D27063DA1A87886400D21E9D /* spaceCat_bounce.png */ = {isa = PBXFileReference; lastKnownFileType = image.png; path = spaceCat_bounce.png; sourceTree = "<group>"; };
		D27063DB1A87886400D21E9D /* spaceCat_down.png */ = {isa = PBXFileReference; lastKnownFileType = image.png; path = spaceCat_down.png; sourceTree = "<group>"; };
		D27063DC1A87886400D21E9D /* spaceCat_smile.png */ = {isa = PBXFileReference; lastKnownFileType = image.png; path = spaceCat_smile.png; sourceTree = "<group>"; };
		D27063E01A8789D400D21E9D /* spaceCat.png */ = {isa = PBXFileReference; lastKnownFileType = image.png; path = spaceCat.png; sourceTree = "<group>"; };
		D28B19141A8BA60500758A87 /* earth.png */ = {isa = PBXFileReference; lastKnownFileType = image.png; path = earth.png; sourceTree = "<group>"; };
		D29011CB1A7795BD00C23E30 /* DFPBannerView.h */ = {isa = PBXFileReference; fileEncoding = 4; lastKnownFileType = sourcecode.c.h; path = DFPBannerView.h; sourceTree = "<group>"; };
		D29011CC1A7795BD00C23E30 /* DFPExtras.h */ = {isa = PBXFileReference; fileEncoding = 4; lastKnownFileType = sourcecode.c.h; path = DFPExtras.h; sourceTree = "<group>"; };
		D29011CD1A7795BD00C23E30 /* DFPInterstitial.h */ = {isa = PBXFileReference; fileEncoding = 4; lastKnownFileType = sourcecode.c.h; path = DFPInterstitial.h; sourceTree = "<group>"; };
		D29011CE1A7795BD00C23E30 /* DFPSwipeableBannerView.h */ = {isa = PBXFileReference; fileEncoding = 4; lastKnownFileType = sourcecode.c.h; path = DFPSwipeableBannerView.h; sourceTree = "<group>"; };
		D29011CF1A7795BD00C23E30 /* GADAdSizeDelegate.h */ = {isa = PBXFileReference; fileEncoding = 4; lastKnownFileType = sourcecode.c.h; path = GADAdSizeDelegate.h; sourceTree = "<group>"; };
		D29011D01A7795BD00C23E30 /* GADAppEventDelegate.h */ = {isa = PBXFileReference; fileEncoding = 4; lastKnownFileType = sourcecode.c.h; path = GADAppEventDelegate.h; sourceTree = "<group>"; };
		D29011D11A7795BD00C23E30 /* GADSwipeableBannerViewDelegate.h */ = {isa = PBXFileReference; fileEncoding = 4; lastKnownFileType = sourcecode.c.h; path = GADSwipeableBannerViewDelegate.h; sourceTree = "<group>"; };
		D29011D31A7795BD00C23E30 /* GADCustomEventBanner.h */ = {isa = PBXFileReference; fileEncoding = 4; lastKnownFileType = sourcecode.c.h; path = GADCustomEventBanner.h; sourceTree = "<group>"; };
		D29011D41A7795BD00C23E30 /* GADCustomEventBannerDelegate.h */ = {isa = PBXFileReference; fileEncoding = 4; lastKnownFileType = sourcecode.c.h; path = GADCustomEventBannerDelegate.h; sourceTree = "<group>"; };
		D29011D51A7795BD00C23E30 /* GADCustomEventExtras.h */ = {isa = PBXFileReference; fileEncoding = 4; lastKnownFileType = sourcecode.c.h; path = GADCustomEventExtras.h; sourceTree = "<group>"; };
		D29011D61A7795BD00C23E30 /* GADCustomEventInterstitial.h */ = {isa = PBXFileReference; fileEncoding = 4; lastKnownFileType = sourcecode.c.h; path = GADCustomEventInterstitial.h; sourceTree = "<group>"; };
		D29011D71A7795BD00C23E30 /* GADCustomEventInterstitialDelegate.h */ = {isa = PBXFileReference; fileEncoding = 4; lastKnownFileType = sourcecode.c.h; path = GADCustomEventInterstitialDelegate.h; sourceTree = "<group>"; };
		D29011D81A7795BD00C23E30 /* GADCustomEventRequest.h */ = {isa = PBXFileReference; fileEncoding = 4; lastKnownFileType = sourcecode.c.h; path = GADCustomEventRequest.h; sourceTree = "<group>"; };
		D29011DA1A7795BD00C23E30 /* GADSearchBannerView.h */ = {isa = PBXFileReference; fileEncoding = 4; lastKnownFileType = sourcecode.c.h; path = GADSearchBannerView.h; sourceTree = "<group>"; };
		D29011DB1A7795BD00C23E30 /* GADSearchRequest.h */ = {isa = PBXFileReference; fileEncoding = 4; lastKnownFileType = sourcecode.c.h; path = GADSearchRequest.h; sourceTree = "<group>"; };
		D29011DC1A7795BD00C23E30 /* GADAdMobExtras.h */ = {isa = PBXFileReference; fileEncoding = 4; lastKnownFileType = sourcecode.c.h; path = GADAdMobExtras.h; sourceTree = "<group>"; };
		D29011DD1A7795BD00C23E30 /* GADAdNetworkExtras.h */ = {isa = PBXFileReference; fileEncoding = 4; lastKnownFileType = sourcecode.c.h; path = GADAdNetworkExtras.h; sourceTree = "<group>"; };
		D29011DE1A7795BD00C23E30 /* GADAdSize.h */ = {isa = PBXFileReference; fileEncoding = 4; lastKnownFileType = sourcecode.c.h; path = GADAdSize.h; sourceTree = "<group>"; };
		D29011DF1A7795BD00C23E30 /* GADBannerView.h */ = {isa = PBXFileReference; fileEncoding = 4; lastKnownFileType = sourcecode.c.h; path = GADBannerView.h; sourceTree = "<group>"; };
		D29011E01A7795BD00C23E30 /* GADBannerViewDelegate.h */ = {isa = PBXFileReference; fileEncoding = 4; lastKnownFileType = sourcecode.c.h; path = GADBannerViewDelegate.h; sourceTree = "<group>"; };
		D29011E11A7795BD00C23E30 /* GADInAppPurchase.h */ = {isa = PBXFileReference; fileEncoding = 4; lastKnownFileType = sourcecode.c.h; path = GADInAppPurchase.h; sourceTree = "<group>"; };
		D29011E21A7795BD00C23E30 /* GADInAppPurchaseDelegate.h */ = {isa = PBXFileReference; fileEncoding = 4; lastKnownFileType = sourcecode.c.h; path = GADInAppPurchaseDelegate.h; sourceTree = "<group>"; };
		D29011E31A7795BD00C23E30 /* GADInterstitial.h */ = {isa = PBXFileReference; fileEncoding = 4; lastKnownFileType = sourcecode.c.h; path = GADInterstitial.h; sourceTree = "<group>"; };
		D29011E41A7795BD00C23E30 /* GADInterstitialDelegate.h */ = {isa = PBXFileReference; fileEncoding = 4; lastKnownFileType = sourcecode.c.h; path = GADInterstitialDelegate.h; sourceTree = "<group>"; };
		D29011E51A7795BD00C23E30 /* GADModules.h */ = {isa = PBXFileReference; fileEncoding = 4; lastKnownFileType = sourcecode.c.h; path = GADModules.h; sourceTree = "<group>"; };
		D29011E61A7795BD00C23E30 /* GADRequest.h */ = {isa = PBXFileReference; fileEncoding = 4; lastKnownFileType = sourcecode.c.h; path = GADRequest.h; sourceTree = "<group>"; };
		D29011E71A7795BD00C23E30 /* GADRequestError.h */ = {isa = PBXFileReference; fileEncoding = 4; lastKnownFileType = sourcecode.c.h; path = GADRequestError.h; sourceTree = "<group>"; };
		D29011E81A7795BD00C23E30 /* libGoogleAdMobAds.a */ = {isa = PBXFileReference; lastKnownFileType = archive.ar; path = libGoogleAdMobAds.a; sourceTree = "<group>"; };
		D29011EA1A7795BD00C23E30 /* libAdapterIAd.a */ = {isa = PBXFileReference; lastKnownFileType = archive.ar; path = libAdapterIAd.a; sourceTree = "<group>"; };
		D29011EB1A7795BD00C23E30 /* libAdapterNend.a */ = {isa = PBXFileReference; lastKnownFileType = archive.ar; path = libAdapterNend.a; sourceTree = "<group>"; };
		D29011ED1A7795BD00C23E30 /* libNendAd.a */ = {isa = PBXFileReference; lastKnownFileType = archive.ar; path = libNendAd.a; sourceTree = "<group>"; };
		D29011EE1A7795BD00C23E30 /* NADIconArrayView.h */ = {isa = PBXFileReference; fileEncoding = 4; lastKnownFileType = sourcecode.c.h; path = NADIconArrayView.h; sourceTree = "<group>"; };
		D29011EF1A7795BD00C23E30 /* NADIconLoader.h */ = {isa = PBXFileReference; fileEncoding = 4; lastKnownFileType = sourcecode.c.h; path = NADIconLoader.h; sourceTree = "<group>"; };
		D29011F01A7795BD00C23E30 /* NADIconView.h */ = {isa = PBXFileReference; fileEncoding = 4; lastKnownFileType = sourcecode.c.h; path = NADIconView.h; sourceTree = "<group>"; };
		D29011F11A7795BD00C23E30 /* NADInterstitial.h */ = {isa = PBXFileReference; fileEncoding = 4; lastKnownFileType = sourcecode.c.h; path = NADInterstitial.h; sourceTree = "<group>"; };
		D29011F21A7795BD00C23E30 /* NADView.h */ = {isa = PBXFileReference; fileEncoding = 4; lastKnownFileType = sourcecode.c.h; path = NADView.h; sourceTree = "<group>"; };
		D29011F71A77964300C23E30 /* AdSupport.framework */ = {isa = PBXFileReference; lastKnownFileType = wrapper.framework; name = AdSupport.framework; path = System/Library/Frameworks/AdSupport.framework; sourceTree = SDKROOT; };
		D29011F91A77965A00C23E30 /* AudioToolbox.framework */ = {isa = PBXFileReference; lastKnownFileType = wrapper.framework; name = AudioToolbox.framework; path = System/Library/Frameworks/AudioToolbox.framework; sourceTree = SDKROOT; };
		D29011FB1A77966200C23E30 /* AVFoundation.framework */ = {isa = PBXFileReference; lastKnownFileType = wrapper.framework; name = AVFoundation.framework; path = System/Library/Frameworks/AVFoundation.framework; sourceTree = SDKROOT; };
		D29011FD1A77966A00C23E30 /* CoreGraphics.framework */ = {isa = PBXFileReference; lastKnownFileType = wrapper.framework; name = CoreGraphics.framework; path = System/Library/Frameworks/CoreGraphics.framework; sourceTree = SDKROOT; };
		D29011FF1A77967200C23E30 /* MessageUI.framework */ = {isa = PBXFileReference; lastKnownFileType = wrapper.framework; name = MessageUI.framework; path = System/Library/Frameworks/MessageUI.framework; sourceTree = SDKROOT; };
		D29012011A77967B00C23E30 /* StoreKit.framework */ = {isa = PBXFileReference; lastKnownFileType = wrapper.framework; name = StoreKit.framework; path = System/Library/Frameworks/StoreKit.framework; sourceTree = SDKROOT; };
		D29012031A77968800C23E30 /* SystemConfiguration.framework */ = {isa = PBXFileReference; lastKnownFileType = wrapper.framework; name = SystemConfiguration.framework; path = System/Library/Frameworks/SystemConfiguration.framework; sourceTree = SDKROOT; };
		D29012051A77969D00C23E30 /* CoreTelephony.framework */ = {isa = PBXFileReference; lastKnownFileType = wrapper.framework; name = CoreTelephony.framework; path = System/Library/Frameworks/CoreTelephony.framework; sourceTree = SDKROOT; };
		D29012071A7796C200C23E30 /* iAd.framework */ = {isa = PBXFileReference; lastKnownFileType = wrapper.framework; name = iAd.framework; path = System/Library/Frameworks/iAd.framework; sourceTree = SDKROOT; };
		D29012091A7796CA00C23E30 /* Security.framework */ = {isa = PBXFileReference; lastKnownFileType = wrapper.framework; name = Security.framework; path = System/Library/Frameworks/Security.framework; sourceTree = SDKROOT; };
		D290120B1A7796D000C23E30 /* ImageIO.framework */ = {isa = PBXFileReference; lastKnownFileType = wrapper.framework; name = ImageIO.framework; path = System/Library/Frameworks/ImageIO.framework; sourceTree = SDKROOT; };
		D29012111A779C8300C23E30 /* HitBackApp-Bridging-Header.h */ = {isa = PBXFileReference; lastKnownFileType = sourcecode.c.h; path = "HitBackApp-Bridging-Header.h"; sourceTree = "<group>"; };
		D29012131A77B36B00C23E30 /* HBGameOverViewController.swift */ = {isa = PBXFileReference; fileEncoding = 4; lastKnownFileType = sourcecode.swift; path = HBGameOverViewController.swift; sourceTree = "<group>"; };
		D294B3E01A9987C60053439F /* touchText.png */ = {isa = PBXFileReference; lastKnownFileType = image.png; path = touchText.png; sourceTree = "<group>"; };
		D294B3E21A9995BA0053439F /* Launch Screen.xib */ = {isa = PBXFileReference; fileEncoding = 4; lastKnownFileType = file.xib; path = "Launch Screen.xib"; sourceTree = "<group>"; };
		D294B3E41A9996080053439F /* team_logo.png */ = {isa = PBXFileReference; lastKnownFileType = image.png; path = team_logo.png; sourceTree = "<group>"; };
		D29D9EFB1A7CE1190055D55D /* ball_covered.png */ = {isa = PBXFileReference; lastKnownFileType = image.png; path = ball_covered.png; sourceTree = "<group>"; };
		D29D9EFC1A7CE1190055D55D /* ball_normal.png */ = {isa = PBXFileReference; lastKnownFileType = image.png; path = ball_normal.png; sourceTree = "<group>"; };
		D2AB0ED51A8B9DCE00BA1A27 /* icon.png */ = {isa = PBXFileReference; lastKnownFileType = image.png; path = icon.png; sourceTree = "<group>"; };
		D2AB0ED91A8B9DDE00BA1A27 /* retry.png */ = {isa = PBXFileReference; lastKnownFileType = image.png; path = retry.png; sourceTree = "<group>"; };
		D2C35D9A1A77DE4900D829C3 /* SceneEscapeProtocol.swift */ = {isa = PBXFileReference; fileEncoding = 4; lastKnownFileType = sourcecode.swift; path = SceneEscapeProtocol.swift; sourceTree = "<group>"; };
		D2C538CA1A7F993F00CC8E3B /* GameKit.framework */ = {isa = PBXFileReference; lastKnownFileType = wrapper.framework; name = GameKit.framework; path = System/Library/Frameworks/GameKit.framework; sourceTree = SDKROOT; };
		D2C6F8971A5FF2880050552A /* SpaceCat.app */ = {isa = PBXFileReference; explicitFileType = wrapper.application; includeInIndex = 0; path = SpaceCat.app; sourceTree = BUILT_PRODUCTS_DIR; };
		D2C6F89B1A5FF2880050552A /* Info.plist */ = {isa = PBXFileReference; lastKnownFileType = text.plist.xml; path = Info.plist; sourceTree = "<group>"; };
		D2C6F89C1A5FF2880050552A /* AppDelegate.swift */ = {isa = PBXFileReference; lastKnownFileType = sourcecode.swift; path = AppDelegate.swift; sourceTree = "<group>"; };
		D2C6F8A31A5FF2880050552A /* Images.xcassets */ = {isa = PBXFileReference; lastKnownFileType = folder.assetcatalog; path = Images.xcassets; sourceTree = "<group>"; };
		D2C6F8AC1A5FF2880050552A /* HitBackAppTests.xctest */ = {isa = PBXFileReference; explicitFileType = wrapper.cfbundle; includeInIndex = 0; path = HitBackAppTests.xctest; sourceTree = BUILT_PRODUCTS_DIR; };
		D2C6F8B11A5FF2880050552A /* Info.plist */ = {isa = PBXFileReference; lastKnownFileType = text.plist.xml; path = Info.plist; sourceTree = "<group>"; };
		D2C6F8B21A5FF2880050552A /* HitBackAppTests.swift */ = {isa = PBXFileReference; lastKnownFileType = sourcecode.swift; path = HitBackAppTests.swift; sourceTree = "<group>"; };
		D2C6F8C01A5FF3B10050552A /* spark.png */ = {isa = PBXFileReference; lastKnownFileType = image.png; path = spark.png; sourceTree = "<group>"; };
		D2C6F8C11A5FF3B10050552A /* spark.sks */ = {isa = PBXFileReference; lastKnownFileType = file.sks; path = spark.sks; sourceTree = "<group>"; };
		D2C753861AC69D860037961E /* HBPlaySceneFactory.swift */ = {isa = PBXFileReference; fileEncoding = 4; lastKnownFileType = sourcecode.swift; path = HBPlaySceneFactory.swift; sourceTree = "<group>"; };
		D2C753881AC69EAA0037961E /* HBNormalPlaySceneFactory.swift */ = {isa = PBXFileReference; fileEncoding = 4; lastKnownFileType = sourcecode.swift; path = HBNormalPlaySceneFactory.swift; sourceTree = "<group>"; };
		D2C7538A1AC69ECA0037961E /* HBHighSpeedPlaySceneFactory.swift */ = {isa = PBXFileReference; fileEncoding = 4; lastKnownFileType = sourcecode.swift; path = HBHighSpeedPlaySceneFactory.swift; sourceTree = "<group>"; };
		D2C7538C1AC6A0BE0037961E /* HBPlayScene.swift */ = {isa = PBXFileReference; fileEncoding = 4; lastKnownFileType = sourcecode.swift; path = HBPlayScene.swift; sourceTree = "<group>"; };
		D2C7538F1AC6AF6C0037961E /* HBHighSpeedPlayScene.swift */ = {isa = PBXFileReference; fileEncoding = 4; lastKnownFileType = sourcecode.swift; path = HBHighSpeedPlayScene.swift; sourceTree = "<group>"; };
		D2C983A71A8F9828009013B8 /* scoreLabel_gameScene.png */ = {isa = PBXFileReference; lastKnownFileType = image.png; path = scoreLabel_gameScene.png; sourceTree = "<group>"; };
		D2C983AA1A8F9842009013B8 /* bestScoreLabel.png */ = {isa = PBXFileReference; lastKnownFileType = image.png; path = bestScoreLabel.png; sourceTree = "<group>"; };
		D2C983AC1A8F9EA0009013B8 /* scoreLabel_gameOver.png */ = {isa = PBXFileReference; lastKnownFileType = image.png; path = scoreLabel_gameOver.png; sourceTree = "<group>"; };
		D2C983B11A90B188009013B8 /* tutorial1.png */ = {isa = PBXFileReference; lastKnownFileType = image.png; path = tutorial1.png; sourceTree = "<group>"; };
		D2C983B91A90B1F2009013B8 /* backButton.png */ = {isa = PBXFileReference; lastKnownFileType = image.png; path = backButton.png; sourceTree = "<group>"; };
		D2C983C11A90B247009013B8 /* HBTutorialViewController.swift */ = {isa = PBXFileReference; fileEncoding = 4; lastKnownFileType = sourcecode.swift; path = HBTutorialViewController.swift; sourceTree = "<group>"; };
		D2C983C31A90B69E009013B8 /* tutorialButton.png */ = {isa = PBXFileReference; lastKnownFileType = image.png; path = tutorialButton.png; sourceTree = "<group>"; };
		D2C983CB1A90EFED009013B8 /* tutorial2.png */ = {isa = PBXFileReference; lastKnownFileType = image.png; path = tutorial2.png; sourceTree = "<group>"; };
		D2C983D01A63B97200EE60C6 /* Default-568h@2x.png */ = {isa = PBXFileReference; lastKnownFileType = image.png; path = "Default-568h@2x.png"; sourceTree = "<group>"; };
		D2C983D51A63CDAD00EE60C6 /* HBTitleViewController.swift */ = {isa = PBXFileReference; fileEncoding = 4; lastKnownFileType = sourcecode.swift; path = HBTitleViewController.swift; sourceTree = "<group>"; };
		D2C983D71A655DBB00EE60C6 /* HBSingleViewController.swift */ = {isa = PBXFileReference; fileEncoding = 4; lastKnownFileType = sourcecode.swift; path = HBSingleViewController.swift; sourceTree = "<group>"; };
		D2C983D91A655E5A00EE60C6 /* HBSinglePlayScene.swift */ = {isa = PBXFileReference; fileEncoding = 4; lastKnownFileType = sourcecode.swift; path = HBSinglePlayScene.swift; sourceTree = "<group>"; };
/* End PBXFileReference section */

/* Begin PBXFrameworksBuildPhase section */
		D2C6F8941A5FF2880050552A /* Frameworks */ = {
			isa = PBXFrameworksBuildPhase;
			buildActionMask = 2147483647;
			files = (
				D290120C1A7796D000C23E30 /* ImageIO.framework in Frameworks */,
				D290120A1A7796CA00C23E30 /* Security.framework in Frameworks */,
				D29012081A7796C200C23E30 /* iAd.framework in Frameworks */,
				D29012061A77969D00C23E30 /* CoreTelephony.framework in Frameworks */,
				D29012041A77968800C23E30 /* SystemConfiguration.framework in Frameworks */,
				D29012021A77967B00C23E30 /* StoreKit.framework in Frameworks */,
				D29012001A77967200C23E30 /* MessageUI.framework in Frameworks */,
				D29011FE1A77966A00C23E30 /* CoreGraphics.framework in Frameworks */,
				D29011FC1A77966200C23E30 /* AVFoundation.framework in Frameworks */,
				D29011FA1A77965A00C23E30 /* AudioToolbox.framework in Frameworks */,
				D29011F81A77964300C23E30 /* AdSupport.framework in Frameworks */,
				D29011F41A7795BE00C23E30 /* libAdapterIAd.a in Frameworks */,
				D29011F31A7795BD00C23E30 /* libGoogleAdMobAds.a in Frameworks */,
				D29011F51A7795BE00C23E30 /* libAdapterNend.a in Frameworks */,
				D29011F61A7795BE00C23E30 /* libNendAd.a in Frameworks */,
				D2C538CB1A7F993F00CC8E3B /* GameKit.framework in Frameworks */,
			);
			runOnlyForDeploymentPostprocessing = 0;
		};
		D2C6F8A91A5FF2880050552A /* Frameworks */ = {
			isa = PBXFrameworksBuildPhase;
			buildActionMask = 2147483647;
			files = (
			);
			runOnlyForDeploymentPostprocessing = 0;
		};
/* End PBXFrameworksBuildPhase section */

/* Begin PBXGroup section */
		D22D48151A9367BB00ACDC43 /* Advertisement */ = {
			isa = PBXGroup;
			children = (
				D22D48181A93688300ACDC43 /* HBAbstractBannerAdViewController.swift */,
				D22D481A1A93755700ACDC43 /* HBAbstractInterstitialAdViewController.swift */,
			);
			name = Advertisement;
			path = ..;
			sourceTree = "<group>";
		};
		D230E2D91AC81574003A28E6 /* StageSelect */ = {
			isa = PBXGroup;
			children = (
				D230E2DC1AC81A75003A28E6 /* HBStageSelectViewController.swift */,
				D230E2DE1AC998E9003A28E6 /* HBStageCell.swift */,
			);
			name = StageSelect;
			sourceTree = "<group>";
		};
		D2671A541A85F324007FFDBE /* Enemy */ = {
			isa = PBXGroup;
			children = (
				D2671A521A85EB31007FFDBE /* EnemyBase.swift */,
				D2671A551A85F33B007FFDBE /* NormalEnemy.swift */,
				D2671A571A85FFC8007FFDBE /* QuickEnemy.swift */,
			);
			name = Enemy;
			sourceTree = "<group>";
		};
		D2671A651A867A79007FFDBE /* Title */ = {
			isa = PBXGroup;
			children = (
				D2C983D51A63CDAD00EE60C6 /* HBTitleViewController.swift */,
			);
			name = Title;
			sourceTree = "<group>";
		};
		D2671A661A867A8A007FFDBE /* Game */ = {
			isa = PBXGroup;
			children = (
				D2C753851AC69CF80037961E /* Factory */,
				D2C983D71A655DBB00EE60C6 /* HBSingleViewController.swift */,
				D2C983D91A655E5A00EE60C6 /* HBSinglePlayScene.swift */,
				D2C7538C1AC6A0BE0037961E /* HBPlayScene.swift */,
				D2C7538F1AC6AF6C0037961E /* HBHighSpeedPlayScene.swift */,
			);
			name = Game;
			sourceTree = "<group>";
		};
		D2671A671A867AA1007FFDBE /* Result */ = {
			isa = PBXGroup;
			children = (
				D29012131A77B36B00C23E30 /* HBGameOverViewController.swift */,
			);
			name = Result;
			sourceTree = "<group>";
		};
		D26A84751A8EFD3D00904761 /* UI */ = {
			isa = PBXGroup;
			children = (
				D294B3E41A9996080053439F /* team_logo.png */,
				D294B3E01A9987C60053439F /* touchText.png */,
				D2C983C31A90B69E009013B8 /* tutorialButton.png */,
				D2C983B91A90B1F2009013B8 /* backButton.png */,
				D26A847D1A8F00F700904761 /* retryButton.png */,
				D26A847E1A8F00F700904761 /* toTitleButton.png */,
				D26A84761A8F000200904761 /* rankingButton.png */,
				D26A84771A8F000200904761 /* startButton.png */,
			);
			name = UI;
			sourceTree = "<group>";
		};
		D26A847C1A8F000D00904761 /* enemy */ = {
			isa = PBXGroup;
			children = (
				D26A84631A8BA92900904761 /* enemy.png */,
				D26A84641A8BA92900904761 /* quickEnemy.png */,
			);
			name = enemy;
			sourceTree = "<group>";
		};
		D26A84811A8F0D7800904761 /* labels */ = {
			isa = PBXGroup;
			children = (
				D2C983AC1A8F9EA0009013B8 /* scoreLabel_gameOver.png */,
				D2C983AA1A8F9842009013B8 /* bestScoreLabel.png */,
				D2C983A71A8F9828009013B8 /* scoreLabel_gameScene.png */,
				D26A84781A8F000200904761 /* titleImage.png */,
				D26A84831A8F0D9A00904761 /* comboLabel.png */,
				D26A84841A8F0D9A00904761 /* gameOverLabel.png */,
				D26A84851A8F0D9A00904761 /* scoreLabel.png */,
			);
			name = labels;
			sourceTree = "<group>";
		};
		D29011C61A7795BD00C23E30 /* lib */ = {
			isa = PBXGroup;
			children = (
				D2C538CA1A7F993F00CC8E3B /* GameKit.framework */,
				D290120B1A7796D000C23E30 /* ImageIO.framework */,
				D29012091A7796CA00C23E30 /* Security.framework */,
				D29012071A7796C200C23E30 /* iAd.framework */,
				D29012051A77969D00C23E30 /* CoreTelephony.framework */,
				D29012031A77968800C23E30 /* SystemConfiguration.framework */,
				D29012011A77967B00C23E30 /* StoreKit.framework */,
				D29011FF1A77967200C23E30 /* MessageUI.framework */,
				D29011FD1A77966A00C23E30 /* CoreGraphics.framework */,
				D29011FB1A77966200C23E30 /* AVFoundation.framework */,
				D29011F91A77965A00C23E30 /* AudioToolbox.framework */,
				D29011F71A77964300C23E30 /* AdSupport.framework */,
				D29011C71A7795BD00C23E30 /* Ad */,
			);
			path = lib;
			sourceTree = "<group>";
		};
		D29011C71A7795BD00C23E30 /* Ad */ = {
			isa = PBXGroup;
			children = (
				D29011C81A7795BD00C23E30 /* AdMob */,
				D29011E91A7795BD00C23E30 /* Admob_Adapter */,
				D29011EC1A7795BD00C23E30 /* Nend */,
			);
			path = Ad;
			sourceTree = "<group>";
		};
		D29011C81A7795BD00C23E30 /* AdMob */ = {
			isa = PBXGroup;
			children = (
				D29011C91A7795BD00C23E30 /* Add-ons */,
				D29011DC1A7795BD00C23E30 /* GADAdMobExtras.h */,
				D29011DD1A7795BD00C23E30 /* GADAdNetworkExtras.h */,
				D29011DE1A7795BD00C23E30 /* GADAdSize.h */,
				D29011DF1A7795BD00C23E30 /* GADBannerView.h */,
				D29011E01A7795BD00C23E30 /* GADBannerViewDelegate.h */,
				D29011E11A7795BD00C23E30 /* GADInAppPurchase.h */,
				D29011E21A7795BD00C23E30 /* GADInAppPurchaseDelegate.h */,
				D29011E31A7795BD00C23E30 /* GADInterstitial.h */,
				D29011E41A7795BD00C23E30 /* GADInterstitialDelegate.h */,
				D29011E51A7795BD00C23E30 /* GADModules.h */,
				D29011E61A7795BD00C23E30 /* GADRequest.h */,
				D29011E71A7795BD00C23E30 /* GADRequestError.h */,
				D29011E81A7795BD00C23E30 /* libGoogleAdMobAds.a */,
			);
			path = AdMob;
			sourceTree = "<group>";
		};
		D29011C91A7795BD00C23E30 /* Add-ons */ = {
			isa = PBXGroup;
			children = (
				D29011CA1A7795BD00C23E30 /* DoubleClick */,
				D29011D21A7795BD00C23E30 /* Mediation */,
				D29011D91A7795BD00C23E30 /* Search */,
			);
			path = "Add-ons";
			sourceTree = "<group>";
		};
		D29011CA1A7795BD00C23E30 /* DoubleClick */ = {
			isa = PBXGroup;
			children = (
				D29011CB1A7795BD00C23E30 /* DFPBannerView.h */,
				D29011CC1A7795BD00C23E30 /* DFPExtras.h */,
				D29011CD1A7795BD00C23E30 /* DFPInterstitial.h */,
				D29011CE1A7795BD00C23E30 /* DFPSwipeableBannerView.h */,
				D29011CF1A7795BD00C23E30 /* GADAdSizeDelegate.h */,
				D29011D01A7795BD00C23E30 /* GADAppEventDelegate.h */,
				D29011D11A7795BD00C23E30 /* GADSwipeableBannerViewDelegate.h */,
			);
			path = DoubleClick;
			sourceTree = "<group>";
		};
		D29011D21A7795BD00C23E30 /* Mediation */ = {
			isa = PBXGroup;
			children = (
				D29011D31A7795BD00C23E30 /* GADCustomEventBanner.h */,
				D29011D41A7795BD00C23E30 /* GADCustomEventBannerDelegate.h */,
				D29011D51A7795BD00C23E30 /* GADCustomEventExtras.h */,
				D29011D61A7795BD00C23E30 /* GADCustomEventInterstitial.h */,
				D29011D71A7795BD00C23E30 /* GADCustomEventInterstitialDelegate.h */,
				D29011D81A7795BD00C23E30 /* GADCustomEventRequest.h */,
			);
			path = Mediation;
			sourceTree = "<group>";
		};
		D29011D91A7795BD00C23E30 /* Search */ = {
			isa = PBXGroup;
			children = (
				D29011DA1A7795BD00C23E30 /* GADSearchBannerView.h */,
				D29011DB1A7795BD00C23E30 /* GADSearchRequest.h */,
			);
			path = Search;
			sourceTree = "<group>";
		};
		D29011E91A7795BD00C23E30 /* Admob_Adapter */ = {
			isa = PBXGroup;
			children = (
				D29011EA1A7795BD00C23E30 /* libAdapterIAd.a */,
				D29011EB1A7795BD00C23E30 /* libAdapterNend.a */,
			);
			path = Admob_Adapter;
			sourceTree = "<group>";
		};
		D29011EC1A7795BD00C23E30 /* Nend */ = {
			isa = PBXGroup;
			children = (
				D29011ED1A7795BD00C23E30 /* libNendAd.a */,
				D29011EE1A7795BD00C23E30 /* NADIconArrayView.h */,
				D29011EF1A7795BD00C23E30 /* NADIconLoader.h */,
				D29011F01A7795BD00C23E30 /* NADIconView.h */,
				D29011F11A7795BD00C23E30 /* NADInterstitial.h */,
				D29011F21A7795BD00C23E30 /* NADView.h */,
			);
			path = Nend;
			sourceTree = "<group>";
		};
		D29D9EF61A7CC7260055D55D /* img */ = {
			isa = PBXGroup;
			children = (
				D2C983B01A90B149009013B8 /* Tutorial */,
				D2C983AE1A8F9FC3009013B8 /* SpaceCat */,
				D26A84811A8F0D7800904761 /* labels */,
				D26A847C1A8F000D00904761 /* enemy */,
				D26A84751A8EFD3D00904761 /* UI */,
				D26A84611A8BA81D00904761 /* background.png */,
				D28B19141A8BA60500758A87 /* earth.png */,
				D2AB0ED91A8B9DDE00BA1A27 /* retry.png */,
				D2AB0ED51A8B9DCE00BA1A27 /* icon.png */,
				D29D9EFB1A7CE1190055D55D /* ball_covered.png */,
				D29D9EFC1A7CE1190055D55D /* ball_normal.png */,
				D227FBA81A97934700CBDFE2 /* startText1.png */,
				D227FBA91A97934700CBDFE2 /* startText2.png */,
				D294B3E21A9995BA0053439F /* Launch Screen.xib */,
			);
			name = img;
			sourceTree = "<group>";
		};
		D2C6F88E1A5FF2880050552A = {
			isa = PBXGroup;
			children = (
				D2C983D01A63B97200EE60C6 /* Default-568h@2x.png */,
				D2C6F8991A5FF2880050552A /* HitBackApp */,
				D29011C61A7795BD00C23E30 /* lib */,
				D2C6F8AF1A5FF2880050552A /* HitBackAppTests */,
				D2C6F8981A5FF2880050552A /* Products */,
				D29012111A779C8300C23E30 /* HitBackApp-Bridging-Header.h */,
			);
			sourceTree = "<group>";
		};
		D2C6F8981A5FF2880050552A /* Products */ = {
			isa = PBXGroup;
			children = (
				D2C6F8971A5FF2880050552A /* SpaceCat.app */,
				D2C6F8AC1A5FF2880050552A /* HitBackAppTests.xctest */,
			);
			name = Products;
			sourceTree = "<group>";
		};
		D2C6F8991A5FF2880050552A /* HitBackApp */ = {
			isa = PBXGroup;
			children = (
				D2C6F89C1A5FF2880050552A /* AppDelegate.swift */,
				D230E2D91AC81574003A28E6 /* StageSelect */,
				D22D48151A9367BB00ACDC43 /* Advertisement */,
				D2671A651A867A79007FFDBE /* Title */,
				D2C983BD1A90B203009013B8 /* Tutorial */,
				D2671A661A867A8A007FFDBE /* Game */,
				D2671A671A867AA1007FFDBE /* Result */,
				D2671A541A85F324007FFDBE /* Enemy */,
				D29D9EF61A7CC7260055D55D /* img */,
				D2C6F8A31A5FF2880050552A /* Images.xcassets */,
				D2C6F8C01A5FF3B10050552A /* spark.png */,
				D2C6F8C11A5FF3B10050552A /* spark.sks */,
				D2C6F89A1A5FF2880050552A /* Supporting Files */,
				D2C35D9A1A77DE4900D829C3 /* SceneEscapeProtocol.swift */,
				D2671A591A8612CE007FFDBE /* HBUtils.swift */,
				D2671A611A867125007FFDBE /* UIImage+Utils.swift */,
				D24033B91A9644EE003F0ACB /* Constants.swift */,
				D227FBAC1A988BCB00CBDFE2 /* Alert.swift */,
				D24CB2EB1AB2DF10007FFADD /* BestScoreManager.swift */,
				D24CB2ED1AB3F2BD007FFADD /* Config.swift */,
			);
			path = HitBackApp;
			sourceTree = "<group>";
		};
		D2C6F89A1A5FF2880050552A /* Supporting Files */ = {
			isa = PBXGroup;
			children = (
				D2C6F89B1A5FF2880050552A /* Info.plist */,
			);
			name = "Supporting Files";
			sourceTree = "<group>";
		};
		D2C6F8AF1A5FF2880050552A /* HitBackAppTests */ = {
			isa = PBXGroup;
			children = (
				D2C6F8B21A5FF2880050552A /* HitBackAppTests.swift */,
				D2C6F8B01A5FF2880050552A /* Supporting Files */,
			);
			path = HitBackAppTests;
			sourceTree = "<group>";
		};
		D2C6F8B01A5FF2880050552A /* Supporting Files */ = {
			isa = PBXGroup;
			children = (
				D2C6F8B11A5FF2880050552A /* Info.plist */,
			);
			name = "Supporting Files";
			sourceTree = "<group>";
		};
		D2C753851AC69CF80037961E /* Factory */ = {
			isa = PBXGroup;
			children = (
				D2C753861AC69D860037961E /* HBPlaySceneFactory.swift */,
				D2C753881AC69EAA0037961E /* HBNormalPlaySceneFactory.swift */,
				D2C7538A1AC69ECA0037961E /* HBHighSpeedPlaySceneFactory.swift */,
			);
			name = Factory;
			sourceTree = "<group>";
		};
		D2C983AE1A8F9FC3009013B8 /* SpaceCat */ = {
			isa = PBXGroup;
			children = (
				D27063E01A8789D400D21E9D /* spaceCat.png */,
				D27063DA1A87886400D21E9D /* spaceCat_bounce.png */,
				D27063DB1A87886400D21E9D /* spaceCat_down.png */,
				D27063DC1A87886400D21E9D /* spaceCat_smile.png */,
			);
			name = SpaceCat;
			sourceTree = "<group>";
		};
		D2C983B01A90B149009013B8 /* Tutorial */ = {
			isa = PBXGroup;
			children = (
				D2C983B11A90B188009013B8 /* tutorial1.png */,
				D2C983CB1A90EFED009013B8 /* tutorial2.png */,
				D227FBA41A97922A00CBDFE2 /* tutorial3.png */,
				D227FBA51A97922A00CBDFE2 /* tutorial4.png */,
			);
			name = Tutorial;
			sourceTree = "<group>";
		};
		D2C983BD1A90B203009013B8 /* Tutorial */ = {
			isa = PBXGroup;
			children = (
				D2C983C11A90B247009013B8 /* HBTutorialViewController.swift */,
			);
			name = Tutorial;
			sourceTree = "<group>";
		};
/* End PBXGroup section */

/* Begin PBXNativeTarget section */
		D2C6F8961A5FF2880050552A /* SpaceCat */ = {
			isa = PBXNativeTarget;
			buildConfigurationList = D2C6F8B61A5FF2880050552A /* Build configuration list for PBXNativeTarget "SpaceCat" */;
			buildPhases = (
				D2C6F8931A5FF2880050552A /* Sources */,
				D2C6F8941A5FF2880050552A /* Frameworks */,
				D2C6F8951A5FF2880050552A /* Resources */,
			);
			buildRules = (
			);
			dependencies = (
			);
			name = SpaceCat;
			productName = HitBackApp;
			productReference = D2C6F8971A5FF2880050552A /* SpaceCat.app */;
			productType = "com.apple.product-type.application";
		};
		D2C6F8AB1A5FF2880050552A /* HitBackAppTests */ = {
			isa = PBXNativeTarget;
			buildConfigurationList = D2C6F8B91A5FF2880050552A /* Build configuration list for PBXNativeTarget "HitBackAppTests" */;
			buildPhases = (
				D2C6F8A81A5FF2880050552A /* Sources */,
				D2C6F8A91A5FF2880050552A /* Frameworks */,
				D2C6F8AA1A5FF2880050552A /* Resources */,
			);
			buildRules = (
			);
			dependencies = (
				D2C6F8AE1A5FF2880050552A /* PBXTargetDependency */,
			);
			name = HitBackAppTests;
			productName = HitBackAppTests;
			productReference = D2C6F8AC1A5FF2880050552A /* HitBackAppTests.xctest */;
			productType = "com.apple.product-type.bundle.unit-test";
		};
/* End PBXNativeTarget section */

/* Begin PBXProject section */
		D2C6F88F1A5FF2880050552A /* Project object */ = {
			isa = PBXProject;
			attributes = {
				LastUpgradeCheck = 0610;
				ORGANIZATIONNAME = Kenzo;
				TargetAttributes = {
					D2C6F8961A5FF2880050552A = {
						CreatedOnToolsVersion = 6.1.1;
						DevelopmentTeam = 9E44EWSQF3;
						SystemCapabilities = {
							com.apple.GameCenter = {
								enabled = 1;
							};
						};
					};
					D2C6F8AB1A5FF2880050552A = {
						CreatedOnToolsVersion = 6.1.1;
						TestTargetID = D2C6F8961A5FF2880050552A;
					};
				};
			};
			buildConfigurationList = D2C6F8921A5FF2880050552A /* Build configuration list for PBXProject "HitBackApp" */;
			compatibilityVersion = "Xcode 3.2";
			developmentRegion = English;
			hasScannedForEncodings = 0;
			knownRegions = (
				en,
				Base,
			);
			mainGroup = D2C6F88E1A5FF2880050552A;
			productRefGroup = D2C6F8981A5FF2880050552A /* Products */;
			projectDirPath = "";
			projectRoot = "";
			targets = (
				D2C6F8961A5FF2880050552A /* SpaceCat */,
				D2C6F8AB1A5FF2880050552A /* HitBackAppTests */,
			);
		};
/* End PBXProject section */

/* Begin PBXResourcesBuildPhase section */
		D2C6F8951A5FF2880050552A /* Resources */ = {
			isa = PBXResourcesBuildPhase;
			buildActionMask = 2147483647;
			files = (
				D2C983CC1A90EFED009013B8 /* tutorial2.png in Resources */,
				D26A84661A8BA92900904761 /* quickEnemy.png in Resources */,
				D26A847A1A8F000200904761 /* startButton.png in Resources */,
				D2AB0ED61A8B9DCE00BA1A27 /* icon.png in Resources */,
				D26A84891A8F0D9A00904761 /* scoreLabel.png in Resources */,
				D26A84621A8BA81D00904761 /* background.png in Resources */,
				D294B3E11A9987C60053439F /* touchText.png in Resources */,
				D2C983B51A90B188009013B8 /* tutorial1.png in Resources */,
				D227FBA61A97922A00CBDFE2 /* tutorial3.png in Resources */,
				D26A84651A8BA92900904761 /* enemy.png in Resources */,
				D2C6F8A41A5FF2880050552A /* Images.xcassets in Resources */,
				D2C983A91A8F9828009013B8 /* scoreLabel_gameScene.png in Resources */,
				D2AB0EDF1A8B9DDE00BA1A27 /* retry.png in Resources */,
				D29D9EFE1A7CE1190055D55D /* ball_normal.png in Resources */,
				D227FBAA1A97934700CBDFE2 /* startText1.png in Resources */,
				D2C983D11A63B97200EE60C6 /* Default-568h@2x.png in Resources */,
				D2C983BB1A90B1F2009013B8 /* backButton.png in Resources */,
				D26A84801A8F00F700904761 /* toTitleButton.png in Resources */,
				D2C983AD1A8F9EA0009013B8 /* scoreLabel_gameOver.png in Resources */,
				D26A84881A8F0D9A00904761 /* gameOverLabel.png in Resources */,
				D227FBAB1A97934700CBDFE2 /* startText2.png in Resources */,
				D29D9EFD1A7CE1190055D55D /* ball_covered.png in Resources */,
				D294B3E31A9995BA0053439F /* Launch Screen.xib in Resources */,
				D2C6F8C51A5FF3B10050552A /* spark.sks in Resources */,
				D26A84871A8F0D9A00904761 /* comboLabel.png in Resources */,
				D227FBA71A97922A00CBDFE2 /* tutorial4.png in Resources */,
				D2C983AB1A8F9842009013B8 /* bestScoreLabel.png in Resources */,
				D27063DF1A87886400D21E9D /* spaceCat_smile.png in Resources */,
				D27063DD1A87886400D21E9D /* spaceCat_bounce.png in Resources */,
				D26A847B1A8F000200904761 /* titleImage.png in Resources */,
				D27063DE1A87886400D21E9D /* spaceCat_down.png in Resources */,
				D2C983C41A90B69E009013B8 /* tutorialButton.png in Resources */,
				D28B19151A8BA60500758A87 /* earth.png in Resources */,
				D26A847F1A8F00F700904761 /* retryButton.png in Resources */,
				D2C6F8C41A5FF3B10050552A /* spark.png in Resources */,
				D294B3E51A9996080053439F /* team_logo.png in Resources */,
				D26A84791A8F000200904761 /* rankingButton.png in Resources */,
				D27063E11A8789D400D21E9D /* spaceCat.png in Resources */,
			);
			runOnlyForDeploymentPostprocessing = 0;
		};
		D2C6F8AA1A5FF2880050552A /* Resources */ = {
			isa = PBXResourcesBuildPhase;
			buildActionMask = 2147483647;
			files = (
			);
			runOnlyForDeploymentPostprocessing = 0;
		};
/* End PBXResourcesBuildPhase section */

/* Begin PBXSourcesBuildPhase section */
		D2C6F8931A5FF2880050552A /* Sources */ = {
			isa = PBXSourcesBuildPhase;
			buildActionMask = 2147483647;
			files = (
				D2C753891AC69EAA0037961E /* HBNormalPlaySceneFactory.swift in Sources */,
				D2671A621A867125007FFDBE /* UIImage+Utils.swift in Sources */,
				D29012141A77B36B00C23E30 /* HBGameOverViewController.swift in Sources */,
				D227FBAD1A988BCB00CBDFE2 /* Alert.swift in Sources */,
				D2C7538B1AC69ECA0037961E /* HBHighSpeedPlaySceneFactory.swift in Sources */,
				D2C753871AC69D860037961E /* HBPlaySceneFactory.swift in Sources */,
				D2C983D61A63CDAD00EE60C6 /* HBTitleViewController.swift in Sources */,
				D22D481B1A93755700ACDC43 /* HBAbstractInterstitialAdViewController.swift in Sources */,
				D22D48191A93688300ACDC43 /* HBAbstractBannerAdViewController.swift in Sources */,
				D2C983D81A655DBB00EE60C6 /* HBSingleViewController.swift in Sources */,
				D24033BA1A9644EE003F0ACB /* Constants.swift in Sources */,
				D2671A561A85F33B007FFDBE /* NormalEnemy.swift in Sources */,
				D2C6F89D1A5FF2880050552A /* AppDelegate.swift in Sources */,
				D2C983C21A90B247009013B8 /* HBTutorialViewController.swift in Sources */,
				D24CB2EE1AB3F2BD007FFADD /* Config.swift in Sources */,
				D24CB2EC1AB2DF10007FFADD /* BestScoreManager.swift in Sources */,
				D2C753901AC6AF6C0037961E /* HBHighSpeedPlayScene.swift in Sources */,
				D2671A5A1A8612CE007FFDBE /* HBUtils.swift in Sources */,
				D2671A581A85FFC8007FFDBE /* QuickEnemy.swift in Sources */,
				D230E2DD1AC81A75003A28E6 /* HBStageSelectViewController.swift in Sources */,
				D2C7538D1AC6A0BE0037961E /* HBPlayScene.swift in Sources */,
				D2C35D9B1A77DE4900D829C3 /* SceneEscapeProtocol.swift in Sources */,
				D2671A531A85EB31007FFDBE /* EnemyBase.swift in Sources */,
				D2C983DA1A655E5A00EE60C6 /* HBSinglePlayScene.swift in Sources */,
				D230E2DF1AC998E9003A28E6 /* HBStageCell.swift in Sources */,
			);
			runOnlyForDeploymentPostprocessing = 0;
		};
		D2C6F8A81A5FF2880050552A /* Sources */ = {
			isa = PBXSourcesBuildPhase;
			buildActionMask = 2147483647;
			files = (
				D2C6F8B31A5FF2880050552A /* HitBackAppTests.swift in Sources */,
			);
			runOnlyForDeploymentPostprocessing = 0;
		};
/* End PBXSourcesBuildPhase section */

/* Begin PBXTargetDependency section */
		D2C6F8AE1A5FF2880050552A /* PBXTargetDependency */ = {
			isa = PBXTargetDependency;
			target = D2C6F8961A5FF2880050552A /* SpaceCat */;
			targetProxy = D2C6F8AD1A5FF2880050552A /* PBXContainerItemProxy */;
		};
/* End PBXTargetDependency section */

/* Begin XCBuildConfiguration section */
		D2C6F8B41A5FF2880050552A /* Debug */ = {
			isa = XCBuildConfiguration;
			buildSettings = {
				ALWAYS_SEARCH_USER_PATHS = NO;
				CLANG_CXX_LANGUAGE_STANDARD = "gnu++0x";
				CLANG_CXX_LIBRARY = "libc++";
				CLANG_ENABLE_MODULES = YES;
				CLANG_ENABLE_OBJC_ARC = YES;
				CLANG_WARN_BOOL_CONVERSION = YES;
				CLANG_WARN_CONSTANT_CONVERSION = YES;
				CLANG_WARN_DIRECT_OBJC_ISA_USAGE = YES_ERROR;
				CLANG_WARN_EMPTY_BODY = YES;
				CLANG_WARN_ENUM_CONVERSION = YES;
				CLANG_WARN_INT_CONVERSION = YES;
				CLANG_WARN_OBJC_ROOT_CLASS = YES_ERROR;
				CLANG_WARN_UNREACHABLE_CODE = YES;
				CLANG_WARN__DUPLICATE_METHOD_MATCH = YES;
				CODE_SIGN_IDENTITY = "iPhone Developer: Takahiro Nakamaru (X6Y4M9NQW3)";
				"CODE_SIGN_IDENTITY[sdk=iphoneos*]" = "iPhone Developer: Takahiro Nakamaru (X6Y4M9NQW3)";
				COPY_PHASE_STRIP = NO;
				ENABLE_STRICT_OBJC_MSGSEND = YES;
				GCC_C_LANGUAGE_STANDARD = gnu99;
				GCC_DYNAMIC_NO_PIC = NO;
				GCC_OPTIMIZATION_LEVEL = 0;
				GCC_PREPROCESSOR_DEFINITIONS = (
					"DEBUG=1",
					"$(inherited)",
				);
				GCC_SYMBOLS_PRIVATE_EXTERN = NO;
				GCC_WARN_64_TO_32_BIT_CONVERSION = YES;
				GCC_WARN_ABOUT_RETURN_TYPE = YES_ERROR;
				GCC_WARN_UNDECLARED_SELECTOR = YES;
				GCC_WARN_UNINITIALIZED_AUTOS = YES_AGGRESSIVE;
				GCC_WARN_UNUSED_FUNCTION = YES;
				GCC_WARN_UNUSED_VARIABLE = YES;
				IPHONEOS_DEPLOYMENT_TARGET = 7.0;
				MTL_ENABLE_DEBUG_INFO = YES;
				ONLY_ACTIVE_ARCH = YES;
				OTHER_LDFLAGS = "-ObjC";
				OTHER_LIBTOOLFLAGS = "-ObjC";
				SDKROOT = iphoneos;
				SWIFT_OBJC_BRIDGING_HEADER = "HitBackApp-Bridging-Header.h";
				SWIFT_OPTIMIZATION_LEVEL = "-Onone";
				VALID_ARCHS = "arm64 armv7 armv7s";
			};
			name = Debug;
		};
		D2C6F8B51A5FF2880050552A /* Release */ = {
			isa = XCBuildConfiguration;
			buildSettings = {
				ALWAYS_SEARCH_USER_PATHS = NO;
				CLANG_CXX_LANGUAGE_STANDARD = "gnu++0x";
				CLANG_CXX_LIBRARY = "libc++";
				CLANG_ENABLE_MODULES = YES;
				CLANG_ENABLE_OBJC_ARC = YES;
				CLANG_WARN_BOOL_CONVERSION = YES;
				CLANG_WARN_CONSTANT_CONVERSION = YES;
				CLANG_WARN_DIRECT_OBJC_ISA_USAGE = YES_ERROR;
				CLANG_WARN_EMPTY_BODY = YES;
				CLANG_WARN_ENUM_CONVERSION = YES;
				CLANG_WARN_INT_CONVERSION = YES;
				CLANG_WARN_OBJC_ROOT_CLASS = YES_ERROR;
				CLANG_WARN_UNREACHABLE_CODE = YES;
				CLANG_WARN__DUPLICATE_METHOD_MATCH = YES;
				"CODE_SIGN_IDENTITY[sdk=iphoneos*]" = "iPhone Distribution: Takahiro Nakamaru (9E44EWSQF3)";
				COPY_PHASE_STRIP = YES;
				ENABLE_NS_ASSERTIONS = NO;
				ENABLE_STRICT_OBJC_MSGSEND = YES;
				GCC_C_LANGUAGE_STANDARD = gnu99;
				GCC_WARN_64_TO_32_BIT_CONVERSION = YES;
				GCC_WARN_ABOUT_RETURN_TYPE = YES_ERROR;
				GCC_WARN_UNDECLARED_SELECTOR = YES;
				GCC_WARN_UNINITIALIZED_AUTOS = YES_AGGRESSIVE;
				GCC_WARN_UNUSED_FUNCTION = YES;
				GCC_WARN_UNUSED_VARIABLE = YES;
				IPHONEOS_DEPLOYMENT_TARGET = 7.0;
				MTL_ENABLE_DEBUG_INFO = NO;
				ONLY_ACTIVE_ARCH = NO;
				OTHER_LDFLAGS = "-ObjC";
				OTHER_LIBTOOLFLAGS = "-ObjC";
				SDKROOT = iphoneos;
				SWIFT_OBJC_BRIDGING_HEADER = "HitBackApp-Bridging-Header.h";
				VALIDATE_PRODUCT = YES;
				VALID_ARCHS = "arm64 armv7 armv7s";
			};
			name = Release;
		};
		D2C6F8B71A5FF2880050552A /* Debug */ = {
			isa = XCBuildConfiguration;
			buildSettings = {
				ASSETCATALOG_COMPILER_APPICON_NAME = AppIcon;
				ASSETCATALOG_COMPILER_LAUNCHIMAGE_NAME = LaunchImage;
				CODE_SIGN_IDENTITY = "iPhone Developer";
				"CODE_SIGN_IDENTITY[sdk=iphoneos*]" = "iPhone Developer";
				INFOPLIST_FILE = HitBackApp/Info.plist;
				IPHONEOS_DEPLOYMENT_TARGET = 7.0;
				LD_RUNPATH_SEARCH_PATHS = "$(inherited) @executable_path/Frameworks";
				LIBRARY_SEARCH_PATHS = (
					"$(inherited)",
					"$(PROJECT_DIR)/lib/Ad/AdMob",
					"$(PROJECT_DIR)/lib/Ad/Admob_Adapter",
					"$(PROJECT_DIR)/lib/Ad/Nend",
				);
				PRODUCT_NAME = "$(TARGET_NAME)";
				PROVISIONING_PROFILE = "";
				SWIFT_OBJC_BRIDGING_HEADER = "$(SRCROOT)/HitBackApp-Bridging-Header.h";
			};
			name = Debug;
		};
		D2C6F8B81A5FF2880050552A /* Release */ = {
			isa = XCBuildConfiguration;
			buildSettings = {
				ASSETCATALOG_COMPILER_APPICON_NAME = AppIcon;
				ASSETCATALOG_COMPILER_LAUNCHIMAGE_NAME = LaunchImage;
				CODE_SIGN_IDENTITY = "iPhone Developer";
				"CODE_SIGN_IDENTITY[sdk=iphoneos*]" = "iPhone Developer";
				INFOPLIST_FILE = HitBackApp/Info.plist;
				IPHONEOS_DEPLOYMENT_TARGET = 7.0;
				LD_RUNPATH_SEARCH_PATHS = "$(inherited) @executable_path/Frameworks";
				LIBRARY_SEARCH_PATHS = (
					"$(inherited)",
					"$(PROJECT_DIR)/lib/Ad/AdMob",
					"$(PROJECT_DIR)/lib/Ad/Admob_Adapter",
					"$(PROJECT_DIR)/lib/Ad/Nend",
				);
				PRODUCT_NAME = "$(TARGET_NAME)";
				PROVISIONING_PROFILE = "";
				SWIFT_OBJC_BRIDGING_HEADER = "$(SRCROOT)/HitBackApp-Bridging-Header.h";
			};
			name = Release;
		};
		D2C6F8BA1A5FF2880050552A /* Debug */ = {
			isa = XCBuildConfiguration;
			buildSettings = {
				BUNDLE_LOADER = "$(TEST_HOST)";
				FRAMEWORK_SEARCH_PATHS = (
					"$(SDKROOT)/Developer/Library/Frameworks",
					"$(inherited)",
				);
				GCC_PREPROCESSOR_DEFINITIONS = (
					"DEBUG=1",
					"$(inherited)",
				);
				INFOPLIST_FILE = HitBackAppTests/Info.plist;
				LD_RUNPATH_SEARCH_PATHS = "$(inherited) @executable_path/Frameworks @loader_path/Frameworks";
				PRODUCT_NAME = "$(TARGET_NAME)";
				TEST_HOST = "$(BUILT_PRODUCTS_DIR)/HitBackApp.app/HitBackApp";
			};
			name = Debug;
		};
		D2C6F8BB1A5FF2880050552A /* Release */ = {
			isa = XCBuildConfiguration;
			buildSettings = {
				BUNDLE_LOADER = "$(TEST_HOST)";
				FRAMEWORK_SEARCH_PATHS = (
					"$(SDKROOT)/Developer/Library/Frameworks",
					"$(inherited)",
				);
				INFOPLIST_FILE = HitBackAppTests/Info.plist;
				LD_RUNPATH_SEARCH_PATHS = "$(inherited) @executable_path/Frameworks @loader_path/Frameworks";
				PRODUCT_NAME = "$(TARGET_NAME)";
				TEST_HOST = "$(BUILT_PRODUCTS_DIR)/HitBackApp.app/HitBackApp";
			};
			name = Release;
		};
/* End XCBuildConfiguration section */

/* Begin XCConfigurationList section */
		D2C6F8921A5FF2880050552A /* Build configuration list for PBXProject "HitBackApp" */ = {
			isa = XCConfigurationList;
			buildConfigurations = (
				D2C6F8B41A5FF2880050552A /* Debug */,
				D2C6F8B51A5FF2880050552A /* Release */,
			);
			defaultConfigurationIsVisible = 0;
			defaultConfigurationName = Release;
		};
		D2C6F8B61A5FF2880050552A /* Build configuration list for PBXNativeTarget "SpaceCat" */ = {
			isa = XCConfigurationList;
			buildConfigurations = (
				D2C6F8B71A5FF2880050552A /* Debug */,
				D2C6F8B81A5FF2880050552A /* Release */,
			);
			defaultConfigurationIsVisible = 0;
			defaultConfigurationName = Release;
		};
		D2C6F8B91A5FF2880050552A /* Build configuration list for PBXNativeTarget "HitBackAppTests" */ = {
			isa = XCConfigurationList;
			buildConfigurations = (
				D2C6F8BA1A5FF2880050552A /* Debug */,
				D2C6F8BB1A5FF2880050552A /* Release */,
			);
			defaultConfigurationIsVisible = 0;
			defaultConfigurationName = Release;
		};
/* End XCConfigurationList section */
	};
	rootObject = D2C6F88F1A5FF2880050552A /* Project object */;
}
