// !$*UTF8*$!
{
	archiveVersion = 1;
	classes = {
	};
	objectVersion = 46;
	objects = {

/* Begin PBXBuildFile section */
		5C521779B14667ADDC7E1AF6 /* Pods_SpaceCat.framework in Frameworks */ = {isa = PBXBuildFile; fileRef = 8E2F66BB4E46ABBF5762A0C0 /* Pods_SpaceCat.framework */; };
		8261198839F1F0F04F997F74 /* Pods_SpaceCatTests.framework in Frameworks */ = {isa = PBXBuildFile; fileRef = 67C52303A01D13F59302B686 /* Pods_SpaceCatTests.framework */; };
		D2096CD91AFDE2AA0051B189 /* twitter-128.png in Resources */ = {isa = PBXBuildFile; fileRef = D2096CD81AFDE2AA0051B189 /* twitter-128.png */; };
		D2096CDB1AFDE2B10051B189 /* facebook-128.png in Resources */ = {isa = PBXBuildFile; fileRef = D2096CDA1AFDE2B10051B189 /* facebook-128.png */; };
		D2096CDE1AFDF3C40051B189 /* Social.framework in Frameworks */ = {isa = PBXBuildFile; fileRef = D2096CDD1AFDF3C40051B189 /* Social.framework */; };
		D2096CE11AFDF5730051B189 /* SocialType.swift in Sources */ = {isa = PBXBuildFile; fileRef = D2096CE01AFDF5730051B189 /* SocialType.swift */; };
		D2096CE31AFDFD150051B189 /* icon_180.png in Resources */ = {isa = PBXBuildFile; fileRef = D2096CE21AFDFD150051B189 /* icon_180.png */; };
		D2096CF11AFE12DF0051B189 /* question.png in Resources */ = {isa = PBXBuildFile; fileRef = D2096CF01AFE12DF0051B189 /* question.png */; };
		D2096D071AFE41820051B189 /* ball_green_covered.png in Resources */ = {isa = PBXBuildFile; fileRef = D2096D051AFE41820051B189 /* ball_green_covered.png */; };
		D2096D081AFE41820051B189 /* ball_green_normal.png in Resources */ = {isa = PBXBuildFile; fileRef = D2096D061AFE41820051B189 /* ball_green_normal.png */; };
		D2096D111AFE4AEC0051B189 /* spaceCat_red_bounce.png in Resources */ = {isa = PBXBuildFile; fileRef = D2096D0D1AFE4AEC0051B189 /* spaceCat_red_bounce.png */; };
		D2096D121AFE4AEC0051B189 /* spaceCat_red_down.png in Resources */ = {isa = PBXBuildFile; fileRef = D2096D0E1AFE4AEC0051B189 /* spaceCat_red_down.png */; };
		D2096D131AFE4AEC0051B189 /* spaceCat_red_smile.png in Resources */ = {isa = PBXBuildFile; fileRef = D2096D0F1AFE4AEC0051B189 /* spaceCat_red_smile.png */; };
		D2096D141AFE4AEC0051B189 /* spaceCat_red.png in Resources */ = {isa = PBXBuildFile; fileRef = D2096D101AFE4AEC0051B189 /* spaceCat_red.png */; };
		D2096D191AFE4CC60051B189 /* spaceCat_bounce.png in Resources */ = {isa = PBXBuildFile; fileRef = D2096D151AFE4CC60051B189 /* spaceCat_bounce.png */; };
		D2096D1A1AFE4CC60051B189 /* spaceCat_down.png in Resources */ = {isa = PBXBuildFile; fileRef = D2096D161AFE4CC60051B189 /* spaceCat_down.png */; };
		D2096D1B1AFE4CC60051B189 /* spaceCat_smile.png in Resources */ = {isa = PBXBuildFile; fileRef = D2096D171AFE4CC60051B189 /* spaceCat_smile.png */; };
		D2096D1C1AFE4CC60051B189 /* spaceCat.png in Resources */ = {isa = PBXBuildFile; fileRef = D2096D181AFE4CC60051B189 /* spaceCat.png */; };
		D2096D1E1AFE50180051B189 /* background_quick.png in Resources */ = {isa = PBXBuildFile; fileRef = D2096D1D1AFE50180051B189 /* background_quick.png */; };
		D2096D201AFE51810051B189 /* UIColorExtension.swift in Sources */ = {isa = PBXBuildFile; fileRef = D2096D1F1AFE51810051B189 /* UIColorExtension.swift */; };
		D2096D221AFFAD5C0051B189 /* stageSelectTitle.png in Resources */ = {isa = PBXBuildFile; fileRef = D2096D211AFFAD5C0051B189 /* stageSelectTitle.png */; };
		D2096D261AFFB7B60051B189 /* back.png in Resources */ = {isa = PBXBuildFile; fileRef = D2096D251AFFB7B60051B189 /* back.png */; };
		D2096D301AFFC0970051B189 /* nav_background.png in Resources */ = {isa = PBXBuildFile; fileRef = D2096D2F1AFFC0970051B189 /* nav_background.png */; };
		D227FBA61A97922A00CBDFE2 /* tutorial3.png in Resources */ = {isa = PBXBuildFile; fileRef = D227FBA41A97922A00CBDFE2 /* tutorial3.png */; };
		D227FBA71A97922A00CBDFE2 /* tutorial4.png in Resources */ = {isa = PBXBuildFile; fileRef = D227FBA51A97922A00CBDFE2 /* tutorial4.png */; };
		D227FBAA1A97934700CBDFE2 /* startText1.png in Resources */ = {isa = PBXBuildFile; fileRef = D227FBA81A97934700CBDFE2 /* startText1.png */; };
		D227FBAB1A97934700CBDFE2 /* startText2.png in Resources */ = {isa = PBXBuildFile; fileRef = D227FBA91A97934700CBDFE2 /* startText2.png */; };
		D227FBAD1A988BCB00CBDFE2 /* Alert.swift in Sources */ = {isa = PBXBuildFile; fileRef = D227FBAC1A988BCB00CBDFE2 /* Alert.swift */; };
		D230E2DD1AC81A75003A28E6 /* HBStageSelectViewController.swift in Sources */ = {isa = PBXBuildFile; fileRef = D230E2DC1AC81A75003A28E6 /* HBStageSelectViewController.swift */; };
		D230E2DF1AC998E9003A28E6 /* HBStageCell.swift in Sources */ = {isa = PBXBuildFile; fileRef = D230E2DE1AC998E9003A28E6 /* HBStageCell.swift */; };
		D2327B591AFA5B97002D56EC /* HBStageConstants.swift in Sources */ = {isa = PBXBuildFile; fileRef = D2327B581AFA5B97002D56EC /* HBStageConstants.swift */; };
		D2327B621AFA6B87002D56EC /* toStageSelectButton.png in Resources */ = {isa = PBXBuildFile; fileRef = D2327B611AFA6B87002D56EC /* toStageSelectButton.png */; };
		D24033BA1A9644EE003F0ACB /* HBConstants.swift in Sources */ = {isa = PBXBuildFile; fileRef = D24033B91A9644EE003F0ACB /* HBConstants.swift */; };
		D24CB2EC1AB2DF10007FFADD /* BestScoreManager.swift in Sources */ = {isa = PBXBuildFile; fileRef = D24CB2EB1AB2DF10007FFADD /* BestScoreManager.swift */; };
		D24CB2EE1AB3F2BD007FFADD /* HBAdConstants.swift in Sources */ = {isa = PBXBuildFile; fileRef = D24CB2ED1AB3F2BD007FFADD /* HBAdConstants.swift */; };
		D2671A531A85EB31007FFDBE /* EnemyBase.swift in Sources */ = {isa = PBXBuildFile; fileRef = D2671A521A85EB31007FFDBE /* EnemyBase.swift */; };
		D2671A561A85F33B007FFDBE /* NormalEnemy.swift in Sources */ = {isa = PBXBuildFile; fileRef = D2671A551A85F33B007FFDBE /* NormalEnemy.swift */; };
		D2671A581A85FFC8007FFDBE /* QuickEnemy.swift in Sources */ = {isa = PBXBuildFile; fileRef = D2671A571A85FFC8007FFDBE /* QuickEnemy.swift */; };
		D2671A5A1A8612CE007FFDBE /* HBUtils.swift in Sources */ = {isa = PBXBuildFile; fileRef = D2671A591A8612CE007FFDBE /* HBUtils.swift */; };
		D2671A621A867125007FFDBE /* UIImage+Utils.swift in Sources */ = {isa = PBXBuildFile; fileRef = D2671A611A867125007FFDBE /* UIImage+Utils.swift */; };
		D26A84621A8BA81D00904761 /* background.png in Resources */ = {isa = PBXBuildFile; fileRef = D26A84611A8BA81D00904761 /* background.png */; };
		D26A84651A8BA92900904761 /* enemy.png in Resources */ = {isa = PBXBuildFile; fileRef = D26A84631A8BA92900904761 /* enemy.png */; };
		D26A84661A8BA92900904761 /* quickEnemy.png in Resources */ = {isa = PBXBuildFile; fileRef = D26A84641A8BA92900904761 /* quickEnemy.png */; };
		D26A84791A8F000200904761 /* rankingButton.png in Resources */ = {isa = PBXBuildFile; fileRef = D26A84761A8F000200904761 /* rankingButton.png */; };
		D26A847A1A8F000200904761 /* startButton.png in Resources */ = {isa = PBXBuildFile; fileRef = D26A84771A8F000200904761 /* startButton.png */; };
		D26A847B1A8F000200904761 /* titleImage.png in Resources */ = {isa = PBXBuildFile; fileRef = D26A84781A8F000200904761 /* titleImage.png */; };
		D26A847F1A8F00F700904761 /* retryButton.png in Resources */ = {isa = PBXBuildFile; fileRef = D26A847D1A8F00F700904761 /* retryButton.png */; };
		D26A84801A8F00F700904761 /* toTitleButton.png in Resources */ = {isa = PBXBuildFile; fileRef = D26A847E1A8F00F700904761 /* toTitleButton.png */; };
		D26A84871A8F0D9A00904761 /* comboLabel.png in Resources */ = {isa = PBXBuildFile; fileRef = D26A84831A8F0D9A00904761 /* comboLabel.png */; };
		D26A84881A8F0D9A00904761 /* gameOverLabel.png in Resources */ = {isa = PBXBuildFile; fileRef = D26A84841A8F0D9A00904761 /* gameOverLabel.png */; };
		D26A84891A8F0D9A00904761 /* scoreLabel.png in Resources */ = {isa = PBXBuildFile; fileRef = D26A84851A8F0D9A00904761 /* scoreLabel.png */; };
		D26BD1CA1EB6390300B209CC /* GoogleService-Info.plist in Resources */ = {isa = PBXBuildFile; fileRef = D26BD1C91EB6390300B209CC /* GoogleService-Info.plist */; };
		D28B19151A8BA60500758A87 /* earth.png in Resources */ = {isa = PBXBuildFile; fileRef = D28B19141A8BA60500758A87 /* earth.png */; };
		D29011FA1A77965A00C23E30 /* AudioToolbox.framework in Frameworks */ = {isa = PBXBuildFile; fileRef = D29011F91A77965A00C23E30 /* AudioToolbox.framework */; };
		D29011FC1A77966200C23E30 /* AVFoundation.framework in Frameworks */ = {isa = PBXBuildFile; fileRef = D29011FB1A77966200C23E30 /* AVFoundation.framework */; };
		D29011FE1A77966A00C23E30 /* CoreGraphics.framework in Frameworks */ = {isa = PBXBuildFile; fileRef = D29011FD1A77966A00C23E30 /* CoreGraphics.framework */; };
		D29012001A77967200C23E30 /* MessageUI.framework in Frameworks */ = {isa = PBXBuildFile; fileRef = D29011FF1A77967200C23E30 /* MessageUI.framework */; };
		D29012021A77967B00C23E30 /* StoreKit.framework in Frameworks */ = {isa = PBXBuildFile; fileRef = D29012011A77967B00C23E30 /* StoreKit.framework */; };
		D29012041A77968800C23E30 /* SystemConfiguration.framework in Frameworks */ = {isa = PBXBuildFile; fileRef = D29012031A77968800C23E30 /* SystemConfiguration.framework */; };
		D29012061A77969D00C23E30 /* CoreTelephony.framework in Frameworks */ = {isa = PBXBuildFile; fileRef = D29012051A77969D00C23E30 /* CoreTelephony.framework */; };
		D290120A1A7796CA00C23E30 /* Security.framework in Frameworks */ = {isa = PBXBuildFile; fileRef = D29012091A7796CA00C23E30 /* Security.framework */; };
		D290120C1A7796D000C23E30 /* ImageIO.framework in Frameworks */ = {isa = PBXBuildFile; fileRef = D290120B1A7796D000C23E30 /* ImageIO.framework */; };
		D29012141A77B36B00C23E30 /* HBGameOverViewController.swift in Sources */ = {isa = PBXBuildFile; fileRef = D29012131A77B36B00C23E30 /* HBGameOverViewController.swift */; };
		D294B3E11A9987C60053439F /* touchText.png in Resources */ = {isa = PBXBuildFile; fileRef = D294B3E01A9987C60053439F /* touchText.png */; };
		D294B3E31A9995BA0053439F /* Launch Screen.xib in Resources */ = {isa = PBXBuildFile; fileRef = D294B3E21A9995BA0053439F /* Launch Screen.xib */; };
		D294B3E51A9996080053439F /* team_logo.png in Resources */ = {isa = PBXBuildFile; fileRef = D294B3E41A9996080053439F /* team_logo.png */; };
		D29D9EFD1A7CE1190055D55D /* ball_covered.png in Resources */ = {isa = PBXBuildFile; fileRef = D29D9EFB1A7CE1190055D55D /* ball_covered.png */; };
		D29D9EFE1A7CE1190055D55D /* ball_normal.png in Resources */ = {isa = PBXBuildFile; fileRef = D29D9EFC1A7CE1190055D55D /* ball_normal.png */; };
		D2AB0ED61A8B9DCE00BA1A27 /* icon.png in Resources */ = {isa = PBXBuildFile; fileRef = D2AB0ED51A8B9DCE00BA1A27 /* icon.png */; };
		D2AB0EDF1A8B9DDE00BA1A27 /* retry.png in Resources */ = {isa = PBXBuildFile; fileRef = D2AB0ED91A8B9DDE00BA1A27 /* retry.png */; };
		D2C35D9B1A77DE4900D829C3 /* SceneEscapeProtocol.swift in Sources */ = {isa = PBXBuildFile; fileRef = D2C35D9A1A77DE4900D829C3 /* SceneEscapeProtocol.swift */; };
		D2C6F89D1A5FF2880050552A /* AppDelegate.swift in Sources */ = {isa = PBXBuildFile; fileRef = D2C6F89C1A5FF2880050552A /* AppDelegate.swift */; };
		D2C6F8A41A5FF2880050552A /* Images.xcassets in Resources */ = {isa = PBXBuildFile; fileRef = D2C6F8A31A5FF2880050552A /* Images.xcassets */; };
		D2C6F8B31A5FF2880050552A /* HitBackAppTests.swift in Sources */ = {isa = PBXBuildFile; fileRef = D2C6F8B21A5FF2880050552A /* HitBackAppTests.swift */; };
		D2C6F8C41A5FF3B10050552A /* spark.png in Resources */ = {isa = PBXBuildFile; fileRef = D2C6F8C01A5FF3B10050552A /* spark.png */; };
		D2C6F8C51A5FF3B10050552A /* spark.sks in Resources */ = {isa = PBXBuildFile; fileRef = D2C6F8C11A5FF3B10050552A /* spark.sks */; };
		D2C753871AC69D860037961E /* HBPlaySceneFactory.swift in Sources */ = {isa = PBXBuildFile; fileRef = D2C753861AC69D860037961E /* HBPlaySceneFactory.swift */; };
		D2C753891AC69EAA0037961E /* HBNormalPlaySceneFactory.swift in Sources */ = {isa = PBXBuildFile; fileRef = D2C753881AC69EAA0037961E /* HBNormalPlaySceneFactory.swift */; };
		D2C7538B1AC69ECA0037961E /* HBHighSpeedPlaySceneFactory.swift in Sources */ = {isa = PBXBuildFile; fileRef = D2C7538A1AC69ECA0037961E /* HBHighSpeedPlaySceneFactory.swift */; };
		D2C7538D1AC6A0BE0037961E /* HBPlayScene.swift in Sources */ = {isa = PBXBuildFile; fileRef = D2C7538C1AC6A0BE0037961E /* HBPlayScene.swift */; };
		D2C753901AC6AF6C0037961E /* HBHighSpeedPlayScene.swift in Sources */ = {isa = PBXBuildFile; fileRef = D2C7538F1AC6AF6C0037961E /* HBHighSpeedPlayScene.swift */; };
		D2C983A91A8F9828009013B8 /* scoreLabel_gameScene.png in Resources */ = {isa = PBXBuildFile; fileRef = D2C983A71A8F9828009013B8 /* scoreLabel_gameScene.png */; };
		D2C983AB1A8F9842009013B8 /* bestScoreLabel.png in Resources */ = {isa = PBXBuildFile; fileRef = D2C983AA1A8F9842009013B8 /* bestScoreLabel.png */; };
		D2C983AD1A8F9EA0009013B8 /* scoreLabel_gameOver.png in Resources */ = {isa = PBXBuildFile; fileRef = D2C983AC1A8F9EA0009013B8 /* scoreLabel_gameOver.png */; };
		D2C983B51A90B188009013B8 /* tutorial1.png in Resources */ = {isa = PBXBuildFile; fileRef = D2C983B11A90B188009013B8 /* tutorial1.png */; };
		D2C983BB1A90B1F2009013B8 /* backButton.png in Resources */ = {isa = PBXBuildFile; fileRef = D2C983B91A90B1F2009013B8 /* backButton.png */; };
		D2C983C21A90B247009013B8 /* HBTutorialViewController.swift in Sources */ = {isa = PBXBuildFile; fileRef = D2C983C11A90B247009013B8 /* HBTutorialViewController.swift */; };
		D2C983C41A90B69E009013B8 /* tutorialButton.png in Resources */ = {isa = PBXBuildFile; fileRef = D2C983C31A90B69E009013B8 /* tutorialButton.png */; };
		D2C983CC1A90EFED009013B8 /* tutorial2.png in Resources */ = {isa = PBXBuildFile; fileRef = D2C983CB1A90EFED009013B8 /* tutorial2.png */; };
		D2C983D61A63CDAD00EE60C6 /* HBTitleViewController.swift in Sources */ = {isa = PBXBuildFile; fileRef = D2C983D51A63CDAD00EE60C6 /* HBTitleViewController.swift */; };
		D2C983D81A655DBB00EE60C6 /* HBSingleViewController.swift in Sources */ = {isa = PBXBuildFile; fileRef = D2C983D71A655DBB00EE60C6 /* HBSingleViewController.swift */; };
		D2C983DA1A655E5A00EE60C6 /* HBSinglePlayScene.swift in Sources */ = {isa = PBXBuildFile; fileRef = D2C983D91A655E5A00EE60C6 /* HBSinglePlayScene.swift */; };
/* End PBXBuildFile section */

/* Begin PBXContainerItemProxy section */
		D2C6F8AD1A5FF2880050552A /* PBXContainerItemProxy */ = {
			isa = PBXContainerItemProxy;
			containerPortal = D2C6F88F1A5FF2880050552A /* Project object */;
			proxyType = 1;
			remoteGlobalIDString = D2C6F8961A5FF2880050552A;
			remoteInfo = HitBackApp;
		};
/* End PBXContainerItemProxy section */

/* Begin PBXFileReference section */
		3D9C1CF0412FAC228BDF09C8 /* Pods-SpaceCatTests.release.xcconfig */ = {isa = PBXFileReference; includeInIndex = 1; lastKnownFileType = text.xcconfig; name = "Pods-SpaceCatTests.release.xcconfig"; path = "Pods/Target Support Files/Pods-SpaceCatTests/Pods-SpaceCatTests.release.xcconfig"; sourceTree = "<group>"; };
		67C52303A01D13F59302B686 /* Pods_SpaceCatTests.framework */ = {isa = PBXFileReference; explicitFileType = wrapper.framework; includeInIndex = 0; path = Pods_SpaceCatTests.framework; sourceTree = BUILT_PRODUCTS_DIR; };
		8E2F66BB4E46ABBF5762A0C0 /* Pods_SpaceCat.framework */ = {isa = PBXFileReference; explicitFileType = wrapper.framework; includeInIndex = 0; path = Pods_SpaceCat.framework; sourceTree = BUILT_PRODUCTS_DIR; };
		9DFAE65A81F1DE63724FFD25 /* Pods-SpaceCat.release.xcconfig */ = {isa = PBXFileReference; includeInIndex = 1; lastKnownFileType = text.xcconfig; name = "Pods-SpaceCat.release.xcconfig"; path = "Pods/Target Support Files/Pods-SpaceCat/Pods-SpaceCat.release.xcconfig"; sourceTree = "<group>"; };
		B59DCFDC85BCC28CB73D8937 /* Pods-SpaceCatTests.debug.xcconfig */ = {isa = PBXFileReference; includeInIndex = 1; lastKnownFileType = text.xcconfig; name = "Pods-SpaceCatTests.debug.xcconfig"; path = "Pods/Target Support Files/Pods-SpaceCatTests/Pods-SpaceCatTests.debug.xcconfig"; sourceTree = "<group>"; };
		D2096CD81AFDE2AA0051B189 /* twitter-128.png */ = {isa = PBXFileReference; lastKnownFileType = image.png; path = "twitter-128.png"; sourceTree = "<group>"; };
		D2096CDA1AFDE2B10051B189 /* facebook-128.png */ = {isa = PBXFileReference; lastKnownFileType = image.png; path = "facebook-128.png"; sourceTree = "<group>"; };
		D2096CDD1AFDF3C40051B189 /* Social.framework */ = {isa = PBXFileReference; lastKnownFileType = wrapper.framework; name = Social.framework; path = System/Library/Frameworks/Social.framework; sourceTree = SDKROOT; };
		D2096CE01AFDF5730051B189 /* SocialType.swift */ = {isa = PBXFileReference; fileEncoding = 4; lastKnownFileType = sourcecode.swift; path = SocialType.swift; sourceTree = "<group>"; };
		D2096CE21AFDFD150051B189 /* icon_180.png */ = {isa = PBXFileReference; lastKnownFileType = image.png; path = icon_180.png; sourceTree = "<group>"; };
		D2096CF01AFE12DF0051B189 /* question.png */ = {isa = PBXFileReference; lastKnownFileType = image.png; path = question.png; sourceTree = "<group>"; };
		D2096D051AFE41820051B189 /* ball_green_covered.png */ = {isa = PBXFileReference; lastKnownFileType = image.png; path = ball_green_covered.png; sourceTree = "<group>"; };
		D2096D061AFE41820051B189 /* ball_green_normal.png */ = {isa = PBXFileReference; lastKnownFileType = image.png; path = ball_green_normal.png; sourceTree = "<group>"; };
		D2096D0D1AFE4AEC0051B189 /* spaceCat_red_bounce.png */ = {isa = PBXFileReference; lastKnownFileType = image.png; path = spaceCat_red_bounce.png; sourceTree = "<group>"; };
		D2096D0E1AFE4AEC0051B189 /* spaceCat_red_down.png */ = {isa = PBXFileReference; lastKnownFileType = image.png; path = spaceCat_red_down.png; sourceTree = "<group>"; };
		D2096D0F1AFE4AEC0051B189 /* spaceCat_red_smile.png */ = {isa = PBXFileReference; lastKnownFileType = image.png; path = spaceCat_red_smile.png; sourceTree = "<group>"; };
		D2096D101AFE4AEC0051B189 /* spaceCat_red.png */ = {isa = PBXFileReference; lastKnownFileType = image.png; path = spaceCat_red.png; sourceTree = "<group>"; };
		D2096D151AFE4CC60051B189 /* spaceCat_bounce.png */ = {isa = PBXFileReference; lastKnownFileType = image.png; path = spaceCat_bounce.png; sourceTree = "<group>"; };
		D2096D161AFE4CC60051B189 /* spaceCat_down.png */ = {isa = PBXFileReference; lastKnownFileType = image.png; path = spaceCat_down.png; sourceTree = "<group>"; };
		D2096D171AFE4CC60051B189 /* spaceCat_smile.png */ = {isa = PBXFileReference; lastKnownFileType = image.png; path = spaceCat_smile.png; sourceTree = "<group>"; };
		D2096D181AFE4CC60051B189 /* spaceCat.png */ = {isa = PBXFileReference; lastKnownFileType = image.png; path = spaceCat.png; sourceTree = "<group>"; };
		D2096D1D1AFE50180051B189 /* background_quick.png */ = {isa = PBXFileReference; lastKnownFileType = image.png; path = background_quick.png; sourceTree = "<group>"; };
		D2096D1F1AFE51810051B189 /* UIColorExtension.swift */ = {isa = PBXFileReference; fileEncoding = 4; lastKnownFileType = sourcecode.swift; path = UIColorExtension.swift; sourceTree = "<group>"; };
		D2096D211AFFAD5C0051B189 /* stageSelectTitle.png */ = {isa = PBXFileReference; lastKnownFileType = image.png; path = stageSelectTitle.png; sourceTree = "<group>"; };
		D2096D251AFFB7B60051B189 /* back.png */ = {isa = PBXFileReference; lastKnownFileType = image.png; path = back.png; sourceTree = "<group>"; };
		D2096D2F1AFFC0970051B189 /* nav_background.png */ = {isa = PBXFileReference; lastKnownFileType = image.png; path = nav_background.png; sourceTree = "<group>"; };
		D227FBA41A97922A00CBDFE2 /* tutorial3.png */ = {isa = PBXFileReference; lastKnownFileType = image.png; path = tutorial3.png; sourceTree = "<group>"; };
		D227FBA51A97922A00CBDFE2 /* tutorial4.png */ = {isa = PBXFileReference; lastKnownFileType = image.png; path = tutorial4.png; sourceTree = "<group>"; };
		D227FBA81A97934700CBDFE2 /* startText1.png */ = {isa = PBXFileReference; lastKnownFileType = image.png; path = startText1.png; sourceTree = "<group>"; };
		D227FBA91A97934700CBDFE2 /* startText2.png */ = {isa = PBXFileReference; lastKnownFileType = image.png; path = startText2.png; sourceTree = "<group>"; };
		D227FBAC1A988BCB00CBDFE2 /* Alert.swift */ = {isa = PBXFileReference; fileEncoding = 4; lastKnownFileType = sourcecode.swift; path = Alert.swift; sourceTree = "<group>"; };
		D230E2DC1AC81A75003A28E6 /* HBStageSelectViewController.swift */ = {isa = PBXFileReference; fileEncoding = 4; lastKnownFileType = sourcecode.swift; path = HBStageSelectViewController.swift; sourceTree = "<group>"; };
		D230E2DE1AC998E9003A28E6 /* HBStageCell.swift */ = {isa = PBXFileReference; fileEncoding = 4; lastKnownFileType = sourcecode.swift; path = HBStageCell.swift; sourceTree = "<group>"; };
		D2327B531AF86716002D56EC /* Fabric.framework */ = {isa = PBXFileReference; lastKnownFileType = wrapper.framework; path = Fabric.framework; sourceTree = "<group>"; };
		D2327B541AF86716002D56EC /* Crashlytics.framework */ = {isa = PBXFileReference; lastKnownFileType = wrapper.framework; path = Crashlytics.framework; sourceTree = "<group>"; };
		D2327B581AFA5B97002D56EC /* HBStageConstants.swift */ = {isa = PBXFileReference; fileEncoding = 4; lastKnownFileType = sourcecode.swift; path = HBStageConstants.swift; sourceTree = "<group>"; };
		D2327B611AFA6B87002D56EC /* toStageSelectButton.png */ = {isa = PBXFileReference; lastKnownFileType = image.png; path = toStageSelectButton.png; sourceTree = "<group>"; };
		D24033B91A9644EE003F0ACB /* HBConstants.swift */ = {isa = PBXFileReference; fileEncoding = 4; lastKnownFileType = sourcecode.swift; path = HBConstants.swift; sourceTree = "<group>"; };
		D24CB2EB1AB2DF10007FFADD /* BestScoreManager.swift */ = {isa = PBXFileReference; fileEncoding = 4; lastKnownFileType = sourcecode.swift; path = BestScoreManager.swift; sourceTree = "<group>"; };
		D24CB2ED1AB3F2BD007FFADD /* HBAdConstants.swift */ = {isa = PBXFileReference; fileEncoding = 4; lastKnownFileType = sourcecode.swift; path = HBAdConstants.swift; sourceTree = "<group>"; };
		D2671A521A85EB31007FFDBE /* EnemyBase.swift */ = {isa = PBXFileReference; fileEncoding = 4; lastKnownFileType = sourcecode.swift; path = EnemyBase.swift; sourceTree = "<group>"; };
		D2671A551A85F33B007FFDBE /* NormalEnemy.swift */ = {isa = PBXFileReference; fileEncoding = 4; lastKnownFileType = sourcecode.swift; path = NormalEnemy.swift; sourceTree = "<group>"; };
		D2671A571A85FFC8007FFDBE /* QuickEnemy.swift */ = {isa = PBXFileReference; fileEncoding = 4; lastKnownFileType = sourcecode.swift; path = QuickEnemy.swift; sourceTree = "<group>"; };
		D2671A591A8612CE007FFDBE /* HBUtils.swift */ = {isa = PBXFileReference; fileEncoding = 4; lastKnownFileType = sourcecode.swift; path = HBUtils.swift; sourceTree = "<group>"; };
		D2671A611A867125007FFDBE /* UIImage+Utils.swift */ = {isa = PBXFileReference; fileEncoding = 4; lastKnownFileType = sourcecode.swift; path = "UIImage+Utils.swift"; sourceTree = "<group>"; };
		D26A84611A8BA81D00904761 /* background.png */ = {isa = PBXFileReference; lastKnownFileType = image.png; path = background.png; sourceTree = "<group>"; };
		D26A84631A8BA92900904761 /* enemy.png */ = {isa = PBXFileReference; lastKnownFileType = image.png; path = enemy.png; sourceTree = "<group>"; };
		D26A84641A8BA92900904761 /* quickEnemy.png */ = {isa = PBXFileReference; lastKnownFileType = image.png; path = quickEnemy.png; sourceTree = "<group>"; };
		D26A84761A8F000200904761 /* rankingButton.png */ = {isa = PBXFileReference; lastKnownFileType = image.png; path = rankingButton.png; sourceTree = "<group>"; };
		D26A84771A8F000200904761 /* startButton.png */ = {isa = PBXFileReference; lastKnownFileType = image.png; path = startButton.png; sourceTree = "<group>"; };
		D26A84781A8F000200904761 /* titleImage.png */ = {isa = PBXFileReference; lastKnownFileType = image.png; path = titleImage.png; sourceTree = "<group>"; };
		D26A847D1A8F00F700904761 /* retryButton.png */ = {isa = PBXFileReference; lastKnownFileType = image.png; path = retryButton.png; sourceTree = "<group>"; };
		D26A847E1A8F00F700904761 /* toTitleButton.png */ = {isa = PBXFileReference; lastKnownFileType = image.png; path = toTitleButton.png; sourceTree = "<group>"; };
		D26A84831A8F0D9A00904761 /* comboLabel.png */ = {isa = PBXFileReference; lastKnownFileType = image.png; path = comboLabel.png; sourceTree = "<group>"; };
		D26A84841A8F0D9A00904761 /* gameOverLabel.png */ = {isa = PBXFileReference; lastKnownFileType = image.png; path = gameOverLabel.png; sourceTree = "<group>"; };
		D26A84851A8F0D9A00904761 /* scoreLabel.png */ = {isa = PBXFileReference; lastKnownFileType = image.png; path = scoreLabel.png; sourceTree = "<group>"; };
		D26BD1C91EB6390300B209CC /* GoogleService-Info.plist */ = {isa = PBXFileReference; fileEncoding = 4; lastKnownFileType = text.plist.xml; path = "GoogleService-Info.plist"; sourceTree = "<group>"; };
		D28B19141A8BA60500758A87 /* earth.png */ = {isa = PBXFileReference; lastKnownFileType = image.png; path = earth.png; sourceTree = "<group>"; };
		D29011F91A77965A00C23E30 /* AudioToolbox.framework */ = {isa = PBXFileReference; lastKnownFileType = wrapper.framework; name = AudioToolbox.framework; path = System/Library/Frameworks/AudioToolbox.framework; sourceTree = SDKROOT; };
		D29011FB1A77966200C23E30 /* AVFoundation.framework */ = {isa = PBXFileReference; lastKnownFileType = wrapper.framework; name = AVFoundation.framework; path = System/Library/Frameworks/AVFoundation.framework; sourceTree = SDKROOT; };
		D29011FD1A77966A00C23E30 /* CoreGraphics.framework */ = {isa = PBXFileReference; lastKnownFileType = wrapper.framework; name = CoreGraphics.framework; path = System/Library/Frameworks/CoreGraphics.framework; sourceTree = SDKROOT; };
		D29011FF1A77967200C23E30 /* MessageUI.framework */ = {isa = PBXFileReference; lastKnownFileType = wrapper.framework; name = MessageUI.framework; path = System/Library/Frameworks/MessageUI.framework; sourceTree = SDKROOT; };
		D29012011A77967B00C23E30 /* StoreKit.framework */ = {isa = PBXFileReference; lastKnownFileType = wrapper.framework; name = StoreKit.framework; path = System/Library/Frameworks/StoreKit.framework; sourceTree = SDKROOT; };
		D29012031A77968800C23E30 /* SystemConfiguration.framework */ = {isa = PBXFileReference; lastKnownFileType = wrapper.framework; name = SystemConfiguration.framework; path = System/Library/Frameworks/SystemConfiguration.framework; sourceTree = SDKROOT; };
		D29012051A77969D00C23E30 /* CoreTelephony.framework */ = {isa = PBXFileReference; lastKnownFileType = wrapper.framework; name = CoreTelephony.framework; path = System/Library/Frameworks/CoreTelephony.framework; sourceTree = SDKROOT; };
		D29012091A7796CA00C23E30 /* Security.framework */ = {isa = PBXFileReference; lastKnownFileType = wrapper.framework; name = Security.framework; path = System/Library/Frameworks/Security.framework; sourceTree = SDKROOT; };
		D290120B1A7796D000C23E30 /* ImageIO.framework */ = {isa = PBXFileReference; lastKnownFileType = wrapper.framework; name = ImageIO.framework; path = System/Library/Frameworks/ImageIO.framework; sourceTree = SDKROOT; };
		D29012111A779C8300C23E30 /* SpaceCat-Bridging-Header.h */ = {isa = PBXFileReference; lastKnownFileType = sourcecode.c.h; path = "SpaceCat-Bridging-Header.h"; sourceTree = "<group>"; };
		D29012131A77B36B00C23E30 /* HBGameOverViewController.swift */ = {isa = PBXFileReference; fileEncoding = 4; lastKnownFileType = sourcecode.swift; path = HBGameOverViewController.swift; sourceTree = "<group>"; };
		D294B3E01A9987C60053439F /* touchText.png */ = {isa = PBXFileReference; lastKnownFileType = image.png; path = touchText.png; sourceTree = "<group>"; };
		D294B3E21A9995BA0053439F /* Launch Screen.xib */ = {isa = PBXFileReference; fileEncoding = 4; lastKnownFileType = file.xib; path = "Launch Screen.xib"; sourceTree = "<group>"; };
		D294B3E41A9996080053439F /* team_logo.png */ = {isa = PBXFileReference; lastKnownFileType = image.png; path = team_logo.png; sourceTree = "<group>"; };
		D29D9EFB1A7CE1190055D55D /* ball_covered.png */ = {isa = PBXFileReference; lastKnownFileType = image.png; path = ball_covered.png; sourceTree = "<group>"; };
		D29D9EFC1A7CE1190055D55D /* ball_normal.png */ = {isa = PBXFileReference; lastKnownFileType = image.png; path = ball_normal.png; sourceTree = "<group>"; };
		D2AB0ED51A8B9DCE00BA1A27 /* icon.png */ = {isa = PBXFileReference; lastKnownFileType = image.png; path = icon.png; sourceTree = "<group>"; };
		D2AB0ED91A8B9DDE00BA1A27 /* retry.png */ = {isa = PBXFileReference; lastKnownFileType = image.png; path = retry.png; sourceTree = "<group>"; };
		D2C35D9A1A77DE4900D829C3 /* SceneEscapeProtocol.swift */ = {isa = PBXFileReference; fileEncoding = 4; lastKnownFileType = sourcecode.swift; path = SceneEscapeProtocol.swift; sourceTree = "<group>"; };
		D2C6F8971A5FF2880050552A /* SpaceCat.app */ = {isa = PBXFileReference; explicitFileType = wrapper.application; includeInIndex = 0; path = SpaceCat.app; sourceTree = BUILT_PRODUCTS_DIR; };
		D2C6F89B1A5FF2880050552A /* Info.plist */ = {isa = PBXFileReference; lastKnownFileType = text.plist.xml; path = Info.plist; sourceTree = "<group>"; };
		D2C6F89C1A5FF2880050552A /* AppDelegate.swift */ = {isa = PBXFileReference; lastKnownFileType = sourcecode.swift; path = AppDelegate.swift; sourceTree = "<group>"; };
		D2C6F8A31A5FF2880050552A /* Images.xcassets */ = {isa = PBXFileReference; lastKnownFileType = folder.assetcatalog; path = Images.xcassets; sourceTree = "<group>"; };
		D2C6F8AC1A5FF2880050552A /* SpaceCatTests.xctest */ = {isa = PBXFileReference; explicitFileType = wrapper.cfbundle; includeInIndex = 0; path = SpaceCatTests.xctest; sourceTree = BUILT_PRODUCTS_DIR; };
		D2C6F8B11A5FF2880050552A /* Info.plist */ = {isa = PBXFileReference; lastKnownFileType = text.plist.xml; path = Info.plist; sourceTree = "<group>"; };
		D2C6F8B21A5FF2880050552A /* HitBackAppTests.swift */ = {isa = PBXFileReference; lastKnownFileType = sourcecode.swift; path = HitBackAppTests.swift; sourceTree = "<group>"; };
		D2C6F8C01A5FF3B10050552A /* spark.png */ = {isa = PBXFileReference; lastKnownFileType = image.png; path = spark.png; sourceTree = "<group>"; };
		D2C6F8C11A5FF3B10050552A /* spark.sks */ = {isa = PBXFileReference; lastKnownFileType = file.sks; path = spark.sks; sourceTree = "<group>"; };
		D2C753861AC69D860037961E /* HBPlaySceneFactory.swift */ = {isa = PBXFileReference; fileEncoding = 4; lastKnownFileType = sourcecode.swift; path = HBPlaySceneFactory.swift; sourceTree = "<group>"; };
		D2C753881AC69EAA0037961E /* HBNormalPlaySceneFactory.swift */ = {isa = PBXFileReference; fileEncoding = 4; lastKnownFileType = sourcecode.swift; path = HBNormalPlaySceneFactory.swift; sourceTree = "<group>"; };
		D2C7538A1AC69ECA0037961E /* HBHighSpeedPlaySceneFactory.swift */ = {isa = PBXFileReference; fileEncoding = 4; lastKnownFileType = sourcecode.swift; path = HBHighSpeedPlaySceneFactory.swift; sourceTree = "<group>"; };
		D2C7538C1AC6A0BE0037961E /* HBPlayScene.swift */ = {isa = PBXFileReference; fileEncoding = 4; lastKnownFileType = sourcecode.swift; path = HBPlayScene.swift; sourceTree = "<group>"; };
		D2C7538F1AC6AF6C0037961E /* HBHighSpeedPlayScene.swift */ = {isa = PBXFileReference; fileEncoding = 4; lastKnownFileType = sourcecode.swift; path = HBHighSpeedPlayScene.swift; sourceTree = "<group>"; };
		D2C983A71A8F9828009013B8 /* scoreLabel_gameScene.png */ = {isa = PBXFileReference; lastKnownFileType = image.png; path = scoreLabel_gameScene.png; sourceTree = "<group>"; };
		D2C983AA1A8F9842009013B8 /* bestScoreLabel.png */ = {isa = PBXFileReference; lastKnownFileType = image.png; path = bestScoreLabel.png; sourceTree = "<group>"; };
		D2C983AC1A8F9EA0009013B8 /* scoreLabel_gameOver.png */ = {isa = PBXFileReference; lastKnownFileType = image.png; path = scoreLabel_gameOver.png; sourceTree = "<group>"; };
		D2C983B11A90B188009013B8 /* tutorial1.png */ = {isa = PBXFileReference; lastKnownFileType = image.png; path = tutorial1.png; sourceTree = "<group>"; };
		D2C983B91A90B1F2009013B8 /* backButton.png */ = {isa = PBXFileReference; lastKnownFileType = image.png; path = backButton.png; sourceTree = "<group>"; };
		D2C983C11A90B247009013B8 /* HBTutorialViewController.swift */ = {isa = PBXFileReference; fileEncoding = 4; lastKnownFileType = sourcecode.swift; path = HBTutorialViewController.swift; sourceTree = "<group>"; };
		D2C983C31A90B69E009013B8 /* tutorialButton.png */ = {isa = PBXFileReference; lastKnownFileType = image.png; path = tutorialButton.png; sourceTree = "<group>"; };
		D2C983CB1A90EFED009013B8 /* tutorial2.png */ = {isa = PBXFileReference; lastKnownFileType = image.png; path = tutorial2.png; sourceTree = "<group>"; };
		D2C983D51A63CDAD00EE60C6 /* HBTitleViewController.swift */ = {isa = PBXFileReference; fileEncoding = 4; lastKnownFileType = sourcecode.swift; path = HBTitleViewController.swift; sourceTree = "<group>"; };
		D2C983D71A655DBB00EE60C6 /* HBSingleViewController.swift */ = {isa = PBXFileReference; fileEncoding = 4; lastKnownFileType = sourcecode.swift; path = HBSingleViewController.swift; sourceTree = "<group>"; };
		D2C983D91A655E5A00EE60C6 /* HBSinglePlayScene.swift */ = {isa = PBXFileReference; fileEncoding = 4; lastKnownFileType = sourcecode.swift; path = HBSinglePlayScene.swift; sourceTree = "<group>"; };
		E7D7A6D95B4E13CC712339FE /* Pods-SpaceCat.debug.xcconfig */ = {isa = PBXFileReference; includeInIndex = 1; lastKnownFileType = text.xcconfig; name = "Pods-SpaceCat.debug.xcconfig"; path = "Pods/Target Support Files/Pods-SpaceCat/Pods-SpaceCat.debug.xcconfig"; sourceTree = "<group>"; };
/* End PBXFileReference section */

/* Begin PBXFrameworksBuildPhase section */
		D2C6F8941A5FF2880050552A /* Frameworks */ = {
			isa = PBXFrameworksBuildPhase;
			buildActionMask = 2147483647;
			files = (
				D2096CDE1AFDF3C40051B189 /* Social.framework in Frameworks */,
				D290120C1A7796D000C23E30 /* ImageIO.framework in Frameworks */,
				D290120A1A7796CA00C23E30 /* Security.framework in Frameworks */,
				D29012061A77969D00C23E30 /* CoreTelephony.framework in Frameworks */,
				D29012041A77968800C23E30 /* SystemConfiguration.framework in Frameworks */,
				D29012021A77967B00C23E30 /* StoreKit.framework in Frameworks */,
				D29012001A77967200C23E30 /* MessageUI.framework in Frameworks */,
				D29011FE1A77966A00C23E30 /* CoreGraphics.framework in Frameworks */,
				D29011FC1A77966200C23E30 /* AVFoundation.framework in Frameworks */,
				D29011FA1A77965A00C23E30 /* AudioToolbox.framework in Frameworks */,
				5C521779B14667ADDC7E1AF6 /* Pods_SpaceCat.framework in Frameworks */,
			);
			runOnlyForDeploymentPostprocessing = 0;
		};
		D2C6F8A91A5FF2880050552A /* Frameworks */ = {
			isa = PBXFrameworksBuildPhase;
			buildActionMask = 2147483647;
			files = (
				8261198839F1F0F04F997F74 /* Pods_SpaceCatTests.framework in Frameworks */,
			);
			runOnlyForDeploymentPostprocessing = 0;
		};
/* End PBXFrameworksBuildPhase section */

/* Begin PBXGroup section */
		503CB5ED026FA9005E120683 /* Frameworks */ = {
			isa = PBXGroup;
			children = (
				8E2F66BB4E46ABBF5762A0C0 /* Pods_SpaceCat.framework */,
				67C52303A01D13F59302B686 /* Pods_SpaceCatTests.framework */,
			);
			name = Frameworks;
			sourceTree = "<group>";
		};
		B82BFD5DF715A130439DFF9E /* Pods */ = {
			isa = PBXGroup;
			children = (
				E7D7A6D95B4E13CC712339FE /* Pods-SpaceCat.debug.xcconfig */,
				9DFAE65A81F1DE63724FFD25 /* Pods-SpaceCat.release.xcconfig */,
				B59DCFDC85BCC28CB73D8937 /* Pods-SpaceCatTests.debug.xcconfig */,
				3D9C1CF0412FAC228BDF09C8 /* Pods-SpaceCatTests.release.xcconfig */,
			);
			name = Pods;
			sourceTree = "<group>";
		};
		D2096CDC1AFDE2B80051B189 /* SNS */ = {
			isa = PBXGroup;
			children = (
				D2096CE21AFDFD150051B189 /* icon_180.png */,
				D2096CDA1AFDE2B10051B189 /* facebook-128.png */,
				D2096CD81AFDE2AA0051B189 /* twitter-128.png */,
			);
			name = SNS;
			sourceTree = "<group>";
		};
		D2096CF41AFE16DF0051B189 /* Ball */ = {
			isa = PBXGroup;
			children = (
				D2096D051AFE41820051B189 /* ball_green_covered.png */,
				D2096D061AFE41820051B189 /* ball_green_normal.png */,
				D29D9EFB1A7CE1190055D55D /* ball_covered.png */,
				D29D9EFC1A7CE1190055D55D /* ball_normal.png */,
			);
			name = Ball;
			sourceTree = "<group>";
		};
		D2096D2A1AFFBF4B0051B189 /* Nav */ = {
			isa = PBXGroup;
			children = (
				D2096D2F1AFFC0970051B189 /* nav_background.png */,
				D2096D251AFFB7B60051B189 /* back.png */,
				D2096D211AFFAD5C0051B189 /* stageSelectTitle.png */,
			);
			name = Nav;
			sourceTree = "<group>";
		};
		D230E2D91AC81574003A28E6 /* StageSelect */ = {
			isa = PBXGroup;
			children = (
				D230E2DC1AC81A75003A28E6 /* HBStageSelectViewController.swift */,
				D230E2DE1AC998E9003A28E6 /* HBStageCell.swift */,
			);
			name = StageSelect;
			sourceTree = "<group>";
		};
		D2327B5A1AFA5C72002D56EC /* Constants */ = {
			isa = PBXGroup;
			children = (
				D24033B91A9644EE003F0ACB /* HBConstants.swift */,
				D2327B581AFA5B97002D56EC /* HBStageConstants.swift */,
				D24CB2ED1AB3F2BD007FFADD /* HBAdConstants.swift */,
				D2096CE01AFDF5730051B189 /* SocialType.swift */,
			);
			name = Constants;
			sourceTree = "<group>";
		};
		D2327B5B1AFA5C9D002D56EC /* Extension */ = {
			isa = PBXGroup;
			children = (
				D2671A611A867125007FFDBE /* UIImage+Utils.swift */,
				D2096D1F1AFE51810051B189 /* UIColorExtension.swift */,
			);
			name = Extension;
			sourceTree = "<group>";
		};
		D2327B5C1AFA5CC5002D56EC /* GameCenter */ = {
			isa = PBXGroup;
			children = (
				D24CB2EB1AB2DF10007FFADD /* BestScoreManager.swift */,
			);
			name = GameCenter;
			sourceTree = "<group>";
		};
		D2671A541A85F324007FFDBE /* Enemy */ = {
			isa = PBXGroup;
			children = (
				D2671A521A85EB31007FFDBE /* EnemyBase.swift */,
				D2671A551A85F33B007FFDBE /* NormalEnemy.swift */,
				D2671A571A85FFC8007FFDBE /* QuickEnemy.swift */,
			);
			name = Enemy;
			sourceTree = "<group>";
		};
		D2671A651A867A79007FFDBE /* Title */ = {
			isa = PBXGroup;
			children = (
				D2C983D51A63CDAD00EE60C6 /* HBTitleViewController.swift */,
			);
			name = Title;
			sourceTree = "<group>";
		};
		D2671A661A867A8A007FFDBE /* Game */ = {
			isa = PBXGroup;
			children = (
				D2C753851AC69CF80037961E /* Factory */,
				D2C983D71A655DBB00EE60C6 /* HBSingleViewController.swift */,
				D2C983D91A655E5A00EE60C6 /* HBSinglePlayScene.swift */,
				D2C7538C1AC6A0BE0037961E /* HBPlayScene.swift */,
				D2C7538F1AC6AF6C0037961E /* HBHighSpeedPlayScene.swift */,
			);
			name = Game;
			sourceTree = "<group>";
		};
		D2671A671A867AA1007FFDBE /* Result */ = {
			isa = PBXGroup;
			children = (
				D29012131A77B36B00C23E30 /* HBGameOverViewController.swift */,
			);
			name = Result;
			sourceTree = "<group>";
		};
		D26A84751A8EFD3D00904761 /* UI */ = {
			isa = PBXGroup;
			children = (
				D2327B611AFA6B87002D56EC /* toStageSelectButton.png */,
				D294B3E41A9996080053439F /* team_logo.png */,
				D294B3E01A9987C60053439F /* touchText.png */,
				D2C983C31A90B69E009013B8 /* tutorialButton.png */,
				D2C983B91A90B1F2009013B8 /* backButton.png */,
				D26A847D1A8F00F700904761 /* retryButton.png */,
				D26A847E1A8F00F700904761 /* toTitleButton.png */,
				D26A84761A8F000200904761 /* rankingButton.png */,
				D26A84771A8F000200904761 /* startButton.png */,
			);
			name = UI;
			sourceTree = "<group>";
		};
		D26A847C1A8F000D00904761 /* enemy */ = {
			isa = PBXGroup;
			children = (
				D2096CF01AFE12DF0051B189 /* question.png */,
				D26A84631A8BA92900904761 /* enemy.png */,
				D26A84641A8BA92900904761 /* quickEnemy.png */,
			);
			name = enemy;
			sourceTree = "<group>";
		};
		D26A84811A8F0D7800904761 /* labels */ = {
			isa = PBXGroup;
			children = (
				D2C983AC1A8F9EA0009013B8 /* scoreLabel_gameOver.png */,
				D2C983AA1A8F9842009013B8 /* bestScoreLabel.png */,
				D2C983A71A8F9828009013B8 /* scoreLabel_gameScene.png */,
				D26A84781A8F000200904761 /* titleImage.png */,
				D26A84831A8F0D9A00904761 /* comboLabel.png */,
				D26A84841A8F0D9A00904761 /* gameOverLabel.png */,
				D26A84851A8F0D9A00904761 /* scoreLabel.png */,
			);
			name = labels;
			sourceTree = "<group>";
		};
		D29011C61A7795BD00C23E30 /* lib */ = {
			isa = PBXGroup;
			children = (
				D2096CDD1AFDF3C40051B189 /* Social.framework */,
				D2327B531AF86716002D56EC /* Fabric.framework */,
				D2327B541AF86716002D56EC /* Crashlytics.framework */,
				D290120B1A7796D000C23E30 /* ImageIO.framework */,
				D29012091A7796CA00C23E30 /* Security.framework */,
				D29012051A77969D00C23E30 /* CoreTelephony.framework */,
				D29012031A77968800C23E30 /* SystemConfiguration.framework */,
				D29012011A77967B00C23E30 /* StoreKit.framework */,
				D29011FF1A77967200C23E30 /* MessageUI.framework */,
				D29011FD1A77966A00C23E30 /* CoreGraphics.framework */,
				D29011FB1A77966200C23E30 /* AVFoundation.framework */,
				D29011F91A77965A00C23E30 /* AudioToolbox.framework */,
			);
			path = lib;
			sourceTree = "<group>";
		};
		D29D9EF61A7CC7260055D55D /* img */ = {
			isa = PBXGroup;
			children = (
				D2096D2A1AFFBF4B0051B189 /* Nav */,
				D2096CF41AFE16DF0051B189 /* Ball */,
				D2096CDC1AFDE2B80051B189 /* SNS */,
				D2C983B01A90B149009013B8 /* Tutorial */,
				D2C983AE1A8F9FC3009013B8 /* SpaceCat */,
				D26A84811A8F0D7800904761 /* labels */,
				D26A847C1A8F000D00904761 /* enemy */,
				D26A84751A8EFD3D00904761 /* UI */,
				D26A84611A8BA81D00904761 /* background.png */,
				D2096D1D1AFE50180051B189 /* background_quick.png */,
				D28B19141A8BA60500758A87 /* earth.png */,
				D2AB0ED91A8B9DDE00BA1A27 /* retry.png */,
				D2AB0ED51A8B9DCE00BA1A27 /* icon.png */,
				D227FBA81A97934700CBDFE2 /* startText1.png */,
				D227FBA91A97934700CBDFE2 /* startText2.png */,
				D294B3E21A9995BA0053439F /* Launch Screen.xib */,
			);
			name = img;
			sourceTree = "<group>";
		};
		D2C6F88E1A5FF2880050552A = {
			isa = PBXGroup;
			children = (
				D2C6F8991A5FF2880050552A /* SpaceCat */,
				D29011C61A7795BD00C23E30 /* lib */,
				D2C6F8AF1A5FF2880050552A /* SpaceCatTests */,
				D2C6F8981A5FF2880050552A /* Products */,
				D29012111A779C8300C23E30 /* SpaceCat-Bridging-Header.h */,
				B82BFD5DF715A130439DFF9E /* Pods */,
				503CB5ED026FA9005E120683 /* Frameworks */,
			);
			sourceTree = "<group>";
		};
		D2C6F8981A5FF2880050552A /* Products */ = {
			isa = PBXGroup;
			children = (
				D2C6F8971A5FF2880050552A /* SpaceCat.app */,
				D2C6F8AC1A5FF2880050552A /* SpaceCatTests.xctest */,
			);
			name = Products;
			sourceTree = "<group>";
		};
		D2C6F8991A5FF2880050552A /* SpaceCat */ = {
			isa = PBXGroup;
			children = (
				D2C6F89C1A5FF2880050552A /* AppDelegate.swift */,
				D230E2D91AC81574003A28E6 /* StageSelect */,
				D2671A651A867A79007FFDBE /* Title */,
				D2C983BD1A90B203009013B8 /* Tutorial */,
				D2671A661A867A8A007FFDBE /* Game */,
				D2671A671A867AA1007FFDBE /* Result */,
				D2671A541A85F324007FFDBE /* Enemy */,
				D2327B5A1AFA5C72002D56EC /* Constants */,
				D29D9EF61A7CC7260055D55D /* img */,
				D2327B5B1AFA5C9D002D56EC /* Extension */,
				D2327B5C1AFA5CC5002D56EC /* GameCenter */,
				D2C6F89A1A5FF2880050552A /* Supporting Files */,
				D2C35D9A1A77DE4900D829C3 /* SceneEscapeProtocol.swift */,
				D2671A591A8612CE007FFDBE /* HBUtils.swift */,
				D227FBAC1A988BCB00CBDFE2 /* Alert.swift */,
				D2C6F8A31A5FF2880050552A /* Images.xcassets */,
				D2C6F8C01A5FF3B10050552A /* spark.png */,
				D2C6F8C11A5FF3B10050552A /* spark.sks */,
			);
			path = SpaceCat;
			sourceTree = "<group>";
		};
		D2C6F89A1A5FF2880050552A /* Supporting Files */ = {
			isa = PBXGroup;
			children = (
				D2C6F89B1A5FF2880050552A /* Info.plist */,
				D26BD1C91EB6390300B209CC /* GoogleService-Info.plist */,
			);
			name = "Supporting Files";
			sourceTree = "<group>";
		};
		D2C6F8AF1A5FF2880050552A /* SpaceCatTests */ = {
			isa = PBXGroup;
			children = (
				D2C6F8B21A5FF2880050552A /* HitBackAppTests.swift */,
				D2C6F8B01A5FF2880050552A /* Supporting Files */,
			);
			path = SpaceCatTests;
			sourceTree = "<group>";
		};
		D2C6F8B01A5FF2880050552A /* Supporting Files */ = {
			isa = PBXGroup;
			children = (
				D2C6F8B11A5FF2880050552A /* Info.plist */,
			);
			name = "Supporting Files";
			sourceTree = "<group>";
		};
		D2C753851AC69CF80037961E /* Factory */ = {
			isa = PBXGroup;
			children = (
				D2C753861AC69D860037961E /* HBPlaySceneFactory.swift */,
				D2C753881AC69EAA0037961E /* HBNormalPlaySceneFactory.swift */,
				D2C7538A1AC69ECA0037961E /* HBHighSpeedPlaySceneFactory.swift */,
			);
			name = Factory;
			sourceTree = "<group>";
		};
		D2C983AE1A8F9FC3009013B8 /* SpaceCat */ = {
			isa = PBXGroup;
			children = (
				D2096D151AFE4CC60051B189 /* spaceCat_bounce.png */,
				D2096D161AFE4CC60051B189 /* spaceCat_down.png */,
				D2096D171AFE4CC60051B189 /* spaceCat_smile.png */,
				D2096D181AFE4CC60051B189 /* spaceCat.png */,
				D2096D0D1AFE4AEC0051B189 /* spaceCat_red_bounce.png */,
				D2096D0E1AFE4AEC0051B189 /* spaceCat_red_down.png */,
				D2096D0F1AFE4AEC0051B189 /* spaceCat_red_smile.png */,
				D2096D101AFE4AEC0051B189 /* spaceCat_red.png */,
			);
			name = SpaceCat;
			sourceTree = "<group>";
		};
		D2C983B01A90B149009013B8 /* Tutorial */ = {
			isa = PBXGroup;
			children = (
				D2C983B11A90B188009013B8 /* tutorial1.png */,
				D2C983CB1A90EFED009013B8 /* tutorial2.png */,
				D227FBA41A97922A00CBDFE2 /* tutorial3.png */,
				D227FBA51A97922A00CBDFE2 /* tutorial4.png */,
			);
			name = Tutorial;
			sourceTree = "<group>";
		};
		D2C983BD1A90B203009013B8 /* Tutorial */ = {
			isa = PBXGroup;
			children = (
				D2C983C11A90B247009013B8 /* HBTutorialViewController.swift */,
			);
			name = Tutorial;
			sourceTree = "<group>";
		};
/* End PBXGroup section */

/* Begin PBXNativeTarget section */
		D2C6F8961A5FF2880050552A /* SpaceCat */ = {
			isa = PBXNativeTarget;
			buildConfigurationList = D2C6F8B61A5FF2880050552A /* Build configuration list for PBXNativeTarget "SpaceCat" */;
			buildPhases = (
				CB1C45AF562186CFEBE860F1 /* [CP] Check Pods Manifest.lock */,
				D2C6F8931A5FF2880050552A /* Sources */,
				D2C6F8941A5FF2880050552A /* Frameworks */,
				D2C6F8951A5FF2880050552A /* Resources */,
				D2327B521AF866DB002D56EC /* ShellScript */,
				E6C6DA36DA13789954C1BE53 /* [CP] Embed Pods Frameworks */,
				0FB4580A6F8F808106FF8AA5 /* [CP] Copy Pods Resources */,
			);
			buildRules = (
			);
			dependencies = (
			);
			name = SpaceCat;
			productName = HitBackApp;
			productReference = D2C6F8971A5FF2880050552A /* SpaceCat.app */;
			productType = "com.apple.product-type.application";
		};
		D2C6F8AB1A5FF2880050552A /* SpaceCatTests */ = {
			isa = PBXNativeTarget;
			buildConfigurationList = D2C6F8B91A5FF2880050552A /* Build configuration list for PBXNativeTarget "SpaceCatTests" */;
			buildPhases = (
				B1F604EC9FCA6F4850859936 /* [CP] Check Pods Manifest.lock */,
				D2C6F8A81A5FF2880050552A /* Sources */,
				D2C6F8A91A5FF2880050552A /* Frameworks */,
				D2C6F8AA1A5FF2880050552A /* Resources */,
				17CD1C33AC08EFD9B1A442B7 /* [CP] Embed Pods Frameworks */,
				4AEB2019D64FFBA0F14B6DEE /* [CP] Copy Pods Resources */,
			);
			buildRules = (
			);
			dependencies = (
				D2C6F8AE1A5FF2880050552A /* PBXTargetDependency */,
			);
			name = SpaceCatTests;
			productName = HitBackAppTests;
			productReference = D2C6F8AC1A5FF2880050552A /* SpaceCatTests.xctest */;
			productType = "com.apple.product-type.bundle.unit-test";
		};
/* End PBXNativeTarget section */

/* Begin PBXProject section */
		D2C6F88F1A5FF2880050552A /* Project object */ = {
			isa = PBXProject;
			attributes = {
				LastSwiftMigration = 0730;
				LastSwiftUpdateCheck = 0730;
				LastUpgradeCheck = 0830;
				ORGANIZATIONNAME = Kenzo;
				TargetAttributes = {
					D2C6F8961A5FF2880050552A = {
						CreatedOnToolsVersion = 6.1.1;
						DevelopmentTeam = HZ4Q3RZNQT;
						SystemCapabilities = {
							com.apple.GameCenter = {
								enabled = 1;
							};
						};
					};
					D2C6F8AB1A5FF2880050552A = {
						CreatedOnToolsVersion = 6.1.1;
						DevelopmentTeam = HZ4Q3RZNQT;
						TestTargetID = D2C6F8961A5FF2880050552A;
					};
				};
			};
			buildConfigurationList = D2C6F8921A5FF2880050552A /* Build configuration list for PBXProject "SpaceCat" */;
			compatibilityVersion = "Xcode 3.2";
			developmentRegion = English;
			hasScannedForEncodings = 0;
			knownRegions = (
				en,
				Base,
			);
			mainGroup = D2C6F88E1A5FF2880050552A;
			productRefGroup = D2C6F8981A5FF2880050552A /* Products */;
			projectDirPath = "";
			projectRoot = "";
			targets = (
				D2C6F8961A5FF2880050552A /* SpaceCat */,
				D2C6F8AB1A5FF2880050552A /* SpaceCatTests */,
			);
		};
/* End PBXProject section */

/* Begin PBXResourcesBuildPhase section */
		D2C6F8951A5FF2880050552A /* Resources */ = {
			isa = PBXResourcesBuildPhase;
			buildActionMask = 2147483647;
			files = (
				D2096D131AFE4AEC0051B189 /* spaceCat_red_smile.png in Resources */,
				D2C983CC1A90EFED009013B8 /* tutorial2.png in Resources */,
				D2096D261AFFB7B60051B189 /* back.png in Resources */,
				D2096D1B1AFE4CC60051B189 /* spaceCat_smile.png in Resources */,
				D26A84661A8BA92900904761 /* quickEnemy.png in Resources */,
				D2096D1A1AFE4CC60051B189 /* spaceCat_down.png in Resources */,
				D2096D141AFE4AEC0051B189 /* spaceCat_red.png in Resources */,
				D26A847A1A8F000200904761 /* startButton.png in Resources */,
				D2096D071AFE41820051B189 /* ball_green_covered.png in Resources */,
				D2AB0ED61A8B9DCE00BA1A27 /* icon.png in Resources */,
				D2096CD91AFDE2AA0051B189 /* twitter-128.png in Resources */,
				D26BD1CA1EB6390300B209CC /* GoogleService-Info.plist in Resources */,
				D26A84891A8F0D9A00904761 /* scoreLabel.png in Resources */,
				D26A84621A8BA81D00904761 /* background.png in Resources */,
				D294B3E11A9987C60053439F /* touchText.png in Resources */,
				D2C983B51A90B188009013B8 /* tutorial1.png in Resources */,
				D2096D081AFE41820051B189 /* ball_green_normal.png in Resources */,
				D227FBA61A97922A00CBDFE2 /* tutorial3.png in Resources */,
				D26A84651A8BA92900904761 /* enemy.png in Resources */,
				D2C6F8A41A5FF2880050552A /* Images.xcassets in Resources */,
				D2C983A91A8F9828009013B8 /* scoreLabel_gameScene.png in Resources */,
				D2AB0EDF1A8B9DDE00BA1A27 /* retry.png in Resources */,
				D2096D301AFFC0970051B189 /* nav_background.png in Resources */,
				D2096CF11AFE12DF0051B189 /* question.png in Resources */,
				D29D9EFE1A7CE1190055D55D /* ball_normal.png in Resources */,
				D227FBAA1A97934700CBDFE2 /* startText1.png in Resources */,
				D2C983BB1A90B1F2009013B8 /* backButton.png in Resources */,
				D26A84801A8F00F700904761 /* toTitleButton.png in Resources */,
				D2C983AD1A8F9EA0009013B8 /* scoreLabel_gameOver.png in Resources */,
				D26A84881A8F0D9A00904761 /* gameOverLabel.png in Resources */,
				D227FBAB1A97934700CBDFE2 /* startText2.png in Resources */,
				D29D9EFD1A7CE1190055D55D /* ball_covered.png in Resources */,
				D2096D191AFE4CC60051B189 /* spaceCat_bounce.png in Resources */,
				D294B3E31A9995BA0053439F /* Launch Screen.xib in Resources */,
				D2C6F8C51A5FF3B10050552A /* spark.sks in Resources */,
				D26A84871A8F0D9A00904761 /* comboLabel.png in Resources */,
				D2096D121AFE4AEC0051B189 /* spaceCat_red_down.png in Resources */,
				D2096CE31AFDFD150051B189 /* icon_180.png in Resources */,
				D2096D1C1AFE4CC60051B189 /* spaceCat.png in Resources */,
				D227FBA71A97922A00CBDFE2 /* tutorial4.png in Resources */,
				D2C983AB1A8F9842009013B8 /* bestScoreLabel.png in Resources */,
				D2096CDB1AFDE2B10051B189 /* facebook-128.png in Resources */,
				D26A847B1A8F000200904761 /* titleImage.png in Resources */,
				D2096D111AFE4AEC0051B189 /* spaceCat_red_bounce.png in Resources */,
				D2C983C41A90B69E009013B8 /* tutorialButton.png in Resources */,
				D2327B621AFA6B87002D56EC /* toStageSelectButton.png in Resources */,
				D2096D221AFFAD5C0051B189 /* stageSelectTitle.png in Resources */,
				D28B19151A8BA60500758A87 /* earth.png in Resources */,
				D26A847F1A8F00F700904761 /* retryButton.png in Resources */,
				D2096D1E1AFE50180051B189 /* background_quick.png in Resources */,
				D2C6F8C41A5FF3B10050552A /* spark.png in Resources */,
				D294B3E51A9996080053439F /* team_logo.png in Resources */,
				D26A84791A8F000200904761 /* rankingButton.png in Resources */,
			);
			runOnlyForDeploymentPostprocessing = 0;
		};
		D2C6F8AA1A5FF2880050552A /* Resources */ = {
			isa = PBXResourcesBuildPhase;
			buildActionMask = 2147483647;
			files = (
			);
			runOnlyForDeploymentPostprocessing = 0;
		};
/* End PBXResourcesBuildPhase section */

/* Begin PBXShellScriptBuildPhase section */
		0FB4580A6F8F808106FF8AA5 /* [CP] Copy Pods Resources */ = {
			isa = PBXShellScriptBuildPhase;
			buildActionMask = 2147483647;
			files = (
			);
			inputPaths = (
			);
			name = "[CP] Copy Pods Resources";
			outputPaths = (
			);
			runOnlyForDeploymentPostprocessing = 0;
			shellPath = /bin/sh;
			shellScript = "\"${SRCROOT}/Pods/Target Support Files/Pods-SpaceCat/Pods-SpaceCat-resources.sh\"\n";
			showEnvVarsInLog = 0;
		};
		17CD1C33AC08EFD9B1A442B7 /* [CP] Embed Pods Frameworks */ = {
			isa = PBXShellScriptBuildPhase;
			buildActionMask = 2147483647;
			files = (
			);
			inputPaths = (
			);
			name = "[CP] Embed Pods Frameworks";
			outputPaths = (
			);
			runOnlyForDeploymentPostprocessing = 0;
			shellPath = /bin/sh;
			shellScript = "\"${SRCROOT}/Pods/Target Support Files/Pods-SpaceCatTests/Pods-SpaceCatTests-frameworks.sh\"\n";
			showEnvVarsInLog = 0;
		};
		4AEB2019D64FFBA0F14B6DEE /* [CP] Copy Pods Resources */ = {
			isa = PBXShellScriptBuildPhase;
			buildActionMask = 2147483647;
			files = (
			);
			inputPaths = (
			);
			name = "[CP] Copy Pods Resources";
			outputPaths = (
			);
			runOnlyForDeploymentPostprocessing = 0;
			shellPath = /bin/sh;
			shellScript = "\"${SRCROOT}/Pods/Target Support Files/Pods-SpaceCatTests/Pods-SpaceCatTests-resources.sh\"\n";
			showEnvVarsInLog = 0;
		};
		B1F604EC9FCA6F4850859936 /* [CP] Check Pods Manifest.lock */ = {
			isa = PBXShellScriptBuildPhase;
			buildActionMask = 2147483647;
			files = (
			);
			inputPaths = (
			);
			name = "[CP] Check Pods Manifest.lock";
			outputPaths = (
			);
			runOnlyForDeploymentPostprocessing = 0;
			shellPath = /bin/sh;
			shellScript = "diff \"${PODS_PODFILE_DIR_PATH}/Podfile.lock\" \"${PODS_ROOT}/Manifest.lock\" > /dev/null\nif [ $? != 0 ] ; then\n    # print error to STDERR\n    echo \"error: The sandbox is not in sync with the Podfile.lock. Run 'pod install' or update your CocoaPods installation.\" >&2\n    exit 1\nfi\n";
			showEnvVarsInLog = 0;
		};
		CB1C45AF562186CFEBE860F1 /* [CP] Check Pods Manifest.lock */ = {
			isa = PBXShellScriptBuildPhase;
			buildActionMask = 2147483647;
			files = (
			);
			inputPaths = (
			);
			name = "[CP] Check Pods Manifest.lock";
			outputPaths = (
			);
			runOnlyForDeploymentPostprocessing = 0;
			shellPath = /bin/sh;
			shellScript = "diff \"${PODS_PODFILE_DIR_PATH}/Podfile.lock\" \"${PODS_ROOT}/Manifest.lock\" > /dev/null\nif [ $? != 0 ] ; then\n    # print error to STDERR\n    echo \"error: The sandbox is not in sync with the Podfile.lock. Run 'pod install' or update your CocoaPods installation.\" >&2\n    exit 1\nfi\n";
			showEnvVarsInLog = 0;
		};
		D2327B521AF866DB002D56EC /* ShellScript */ = {
			isa = PBXShellScriptBuildPhase;
			buildActionMask = 2147483647;
			files = (
			);
			inputPaths = (
			);
			outputPaths = (
			);
			runOnlyForDeploymentPostprocessing = 0;
			shellPath = /bin/sh;
			shellScript = "./Fabric.framework/run da7cfde87b5611a39215449dd198760786d79a23 7dad58fdb060f584f5c9f83500b9a8bc39ed569f61619b1925ddb04e82271e4c";
		};
		E6C6DA36DA13789954C1BE53 /* [CP] Embed Pods Frameworks */ = {
			isa = PBXShellScriptBuildPhase;
			buildActionMask = 2147483647;
			files = (
			);
			inputPaths = (
			);
			name = "[CP] Embed Pods Frameworks";
			outputPaths = (
			);
			runOnlyForDeploymentPostprocessing = 0;
			shellPath = /bin/sh;
			shellScript = "\"${SRCROOT}/Pods/Target Support Files/Pods-SpaceCat/Pods-SpaceCat-frameworks.sh\"\n";
			showEnvVarsInLog = 0;
		};
/* End PBXShellScriptBuildPhase section */

/* Begin PBXSourcesBuildPhase section */
		D2C6F8931A5FF2880050552A /* Sources */ = {
			isa = PBXSourcesBuildPhase;
			buildActionMask = 2147483647;
			files = (
				D2C753891AC69EAA0037961E /* HBNormalPlaySceneFactory.swift in Sources */,
				D2671A621A867125007FFDBE /* UIImage+Utils.swift in Sources */,
				D29012141A77B36B00C23E30 /* HBGameOverViewController.swift in Sources */,
				D227FBAD1A988BCB00CBDFE2 /* Alert.swift in Sources */,
				D2C7538B1AC69ECA0037961E /* HBHighSpeedPlaySceneFactory.swift in Sources */,
				D2C753871AC69D860037961E /* HBPlaySceneFactory.swift in Sources */,
				D2C983D61A63CDAD00EE60C6 /* HBTitleViewController.swift in Sources */,
				D2C983D81A655DBB00EE60C6 /* HBSingleViewController.swift in Sources */,
				D24033BA1A9644EE003F0ACB /* HBConstants.swift in Sources */,
				D2671A561A85F33B007FFDBE /* NormalEnemy.swift in Sources */,
				D2C6F89D1A5FF2880050552A /* AppDelegate.swift in Sources */,
				D2C983C21A90B247009013B8 /* HBTutorialViewController.swift in Sources */,
				D2327B591AFA5B97002D56EC /* HBStageConstants.swift in Sources */,
				D2096D201AFE51810051B189 /* UIColorExtension.swift in Sources */,
				D24CB2EE1AB3F2BD007FFADD /* HBAdConstants.swift in Sources */,
				D2096CE11AFDF5730051B189 /* SocialType.swift in Sources */,
				D24CB2EC1AB2DF10007FFADD /* BestScoreManager.swift in Sources */,
				D2C753901AC6AF6C0037961E /* HBHighSpeedPlayScene.swift in Sources */,
				D2671A5A1A8612CE007FFDBE /* HBUtils.swift in Sources */,
				D2671A581A85FFC8007FFDBE /* QuickEnemy.swift in Sources */,
				D230E2DD1AC81A75003A28E6 /* HBStageSelectViewController.swift in Sources */,
				D2C7538D1AC6A0BE0037961E /* HBPlayScene.swift in Sources */,
				D2C35D9B1A77DE4900D829C3 /* SceneEscapeProtocol.swift in Sources */,
				D2671A531A85EB31007FFDBE /* EnemyBase.swift in Sources */,
				D2C983DA1A655E5A00EE60C6 /* HBSinglePlayScene.swift in Sources */,
				D230E2DF1AC998E9003A28E6 /* HBStageCell.swift in Sources */,
			);
			runOnlyForDeploymentPostprocessing = 0;
		};
		D2C6F8A81A5FF2880050552A /* Sources */ = {
			isa = PBXSourcesBuildPhase;
			buildActionMask = 2147483647;
			files = (
				D2C6F8B31A5FF2880050552A /* HitBackAppTests.swift in Sources */,
			);
			runOnlyForDeploymentPostprocessing = 0;
		};
/* End PBXSourcesBuildPhase section */

/* Begin PBXTargetDependency section */
		D2C6F8AE1A5FF2880050552A /* PBXTargetDependency */ = {
			isa = PBXTargetDependency;
			target = D2C6F8961A5FF2880050552A /* SpaceCat */;
			targetProxy = D2C6F8AD1A5FF2880050552A /* PBXContainerItemProxy */;
		};
/* End PBXTargetDependency section */

/* Begin XCBuildConfiguration section */
		D2C6F8B41A5FF2880050552A /* Debug */ = {
			isa = XCBuildConfiguration;
			buildSettings = {
				ALWAYS_SEARCH_USER_PATHS = NO;
				CLANG_CXX_LANGUAGE_STANDARD = "gnu++0x";
				CLANG_CXX_LIBRARY = "libc++";
				CLANG_ENABLE_MODULES = YES;
				CLANG_ENABLE_OBJC_ARC = YES;
				CLANG_WARN_BOOL_CONVERSION = YES;
				CLANG_WARN_CONSTANT_CONVERSION = YES;
				CLANG_WARN_DIRECT_OBJC_ISA_USAGE = YES_ERROR;
				CLANG_WARN_EMPTY_BODY = YES;
				CLANG_WARN_ENUM_CONVERSION = YES;
				CLANG_WARN_INFINITE_RECURSION = YES;
				CLANG_WARN_INT_CONVERSION = YES;
				CLANG_WARN_OBJC_ROOT_CLASS = YES_ERROR;
				CLANG_WARN_SUSPICIOUS_MOVE = YES;
				CLANG_WARN_UNREACHABLE_CODE = YES;
				CLANG_WARN__DUPLICATE_METHOD_MATCH = YES;
				CODE_SIGN_IDENTITY = "iPhone Developer: Takahiro Nakamaru (X6Y4M9NQW3)";
				"CODE_SIGN_IDENTITY[sdk=iphoneos*]" = "iPhone Developer: Takahiro Nakamaru (X6Y4M9NQW3)";
				COPY_PHASE_STRIP = NO;
				ENABLE_BITCODE = YES;
				ENABLE_STRICT_OBJC_MSGSEND = YES;
				ENABLE_TESTABILITY = YES;
				GCC_C_LANGUAGE_STANDARD = gnu99;
				GCC_DYNAMIC_NO_PIC = NO;
				GCC_NO_COMMON_BLOCKS = YES;
				GCC_OPTIMIZATION_LEVEL = 0;
				GCC_PREPROCESSOR_DEFINITIONS = (
					"DEBUG=1",
					"$(inherited)",
				);
				GCC_SYMBOLS_PRIVATE_EXTERN = NO;
				GCC_WARN_64_TO_32_BIT_CONVERSION = YES;
				GCC_WARN_ABOUT_RETURN_TYPE = YES_ERROR;
				GCC_WARN_UNDECLARED_SELECTOR = YES;
				GCC_WARN_UNINITIALIZED_AUTOS = YES_AGGRESSIVE;
				GCC_WARN_UNUSED_FUNCTION = YES;
				GCC_WARN_UNUSED_VARIABLE = YES;
				IPHONEOS_DEPLOYMENT_TARGET = 9.0;
				MTL_ENABLE_DEBUG_INFO = YES;
				ONLY_ACTIVE_ARCH = YES;
				OTHER_LDFLAGS = "-ObjC";
				OTHER_LIBTOOLFLAGS = "-ObjC";
				SDKROOT = iphoneos;
				SWIFT_OBJC_BRIDGING_HEADER = "HitBackApp-Bridging-Header.h";
				SWIFT_OPTIMIZATION_LEVEL = "-Onone";
				SWIFT_VERSION = 3.0;
				VALID_ARCHS = "arm64 armv7 armv7s";
			};
			name = Debug;
		};
		D2C6F8B51A5FF2880050552A /* Release */ = {
			isa = XCBuildConfiguration;
			buildSettings = {
				ALWAYS_SEARCH_USER_PATHS = NO;
				CLANG_CXX_LANGUAGE_STANDARD = "gnu++0x";
				CLANG_CXX_LIBRARY = "libc++";
				CLANG_ENABLE_MODULES = YES;
				CLANG_ENABLE_OBJC_ARC = YES;
				CLANG_WARN_BOOL_CONVERSION = YES;
				CLANG_WARN_CONSTANT_CONVERSION = YES;
				CLANG_WARN_DIRECT_OBJC_ISA_USAGE = YES_ERROR;
				CLANG_WARN_EMPTY_BODY = YES;
				CLANG_WARN_ENUM_CONVERSION = YES;
				CLANG_WARN_INFINITE_RECURSION = YES;
				CLANG_WARN_INT_CONVERSION = YES;
				CLANG_WARN_OBJC_ROOT_CLASS = YES_ERROR;
				CLANG_WARN_SUSPICIOUS_MOVE = YES;
				CLANG_WARN_UNREACHABLE_CODE = YES;
				CLANG_WARN__DUPLICATE_METHOD_MATCH = YES;
				"CODE_SIGN_IDENTITY[sdk=iphoneos*]" = "iPhone Distribution: Takahiro Nakamaru (9E44EWSQF3)";
				COPY_PHASE_STRIP = YES;
				ENABLE_BITCODE = YES;
				ENABLE_NS_ASSERTIONS = NO;
				ENABLE_STRICT_OBJC_MSGSEND = YES;
				GCC_C_LANGUAGE_STANDARD = gnu99;
				GCC_NO_COMMON_BLOCKS = YES;
				GCC_WARN_64_TO_32_BIT_CONVERSION = YES;
				GCC_WARN_ABOUT_RETURN_TYPE = YES_ERROR;
				GCC_WARN_UNDECLARED_SELECTOR = YES;
				GCC_WARN_UNINITIALIZED_AUTOS = YES_AGGRESSIVE;
				GCC_WARN_UNUSED_FUNCTION = YES;
				GCC_WARN_UNUSED_VARIABLE = YES;
				IPHONEOS_DEPLOYMENT_TARGET = 9.0;
				MTL_ENABLE_DEBUG_INFO = NO;
				ONLY_ACTIVE_ARCH = NO;
				OTHER_LDFLAGS = "-ObjC";
				OTHER_LIBTOOLFLAGS = "-ObjC";
				SDKROOT = iphoneos;
				SWIFT_OBJC_BRIDGING_HEADER = "HitBackApp-Bridging-Header.h";
				SWIFT_OPTIMIZATION_LEVEL = "-Owholemodule";
				SWIFT_VERSION = 3.0;
				VALIDATE_PRODUCT = YES;
				VALID_ARCHS = "arm64 armv7 armv7s";
			};
			name = Release;
		};
		D2C6F8B71A5FF2880050552A /* Debug */ = {
			isa = XCBuildConfiguration;
			baseConfigurationReference = E7D7A6D95B4E13CC712339FE /* Pods-SpaceCat.debug.xcconfig */;
			buildSettings = {
				ALWAYS_EMBED_SWIFT_STANDARD_LIBRARIES = "$(inherited)";
				ASSETCATALOG_COMPILER_APPICON_NAME = AppIcon;
				ASSETCATALOG_COMPILER_LAUNCHIMAGE_NAME = LaunchImage;
				CODE_SIGN_IDENTITY = "iPhone Developer";
				"CODE_SIGN_IDENTITY[sdk=iphoneos*]" = "iPhone Developer";
				DEVELOPMENT_TEAM = HZ4Q3RZNQT;
				ENABLE_BITCODE = NO;
				FRAMEWORK_SEARCH_PATHS = (
					"$(inherited)",
					"$(PROJECT_DIR)/lib",
				);
				INFOPLIST_FILE = "$(SRCROOT)/SpaceCat/Info.plist";
				IPHONEOS_DEPLOYMENT_TARGET = 9.0;
				LD_RUNPATH_SEARCH_PATHS = "$(inherited) @executable_path/Frameworks";
				LIBRARY_SEARCH_PATHS = "$(inherited)";
				ONLY_ACTIVE_ARCH = YES;
				OTHER_SWIFT_FLAGS = "$(inherited) \"-D\" \"COCOAPODS\" -DDEBUG";
				PRODUCT_BUNDLE_IDENTIFIER = com.niraapps.SpaceCat;
				PRODUCT_NAME = "$(TARGET_NAME)";
				PROVISIONING_PROFILE = "";
				SWIFT_OBJC_BRIDGING_HEADER = "$(SRCROOT)/SpaceCat-Bridging-Header.h";
				SWIFT_VERSION = 3.0;
			};
			name = Debug;
		};
		D2C6F8B81A5FF2880050552A /* Release */ = {
			isa = XCBuildConfiguration;
			baseConfigurationReference = 9DFAE65A81F1DE63724FFD25 /* Pods-SpaceCat.release.xcconfig */;
			buildSettings = {
				ALWAYS_EMBED_SWIFT_STANDARD_LIBRARIES = "$(inherited)";
				ASSETCATALOG_COMPILER_APPICON_NAME = AppIcon;
				ASSETCATALOG_COMPILER_LAUNCHIMAGE_NAME = LaunchImage;
				CODE_SIGN_IDENTITY = "iPhone Developer";
				"CODE_SIGN_IDENTITY[sdk=iphoneos*]" = "iPhone Developer";
				DEVELOPMENT_TEAM = HZ4Q3RZNQT;
				ENABLE_BITCODE = NO;
				FRAMEWORK_SEARCH_PATHS = (
					"$(inherited)",
					"$(PROJECT_DIR)/lib",
				);
				INFOPLIST_FILE = "$(SRCROOT)/SpaceCat/Info.plist";
				IPHONEOS_DEPLOYMENT_TARGET = 9.0;
				LD_RUNPATH_SEARCH_PATHS = "$(inherited) @executable_path/Frameworks";
				LIBRARY_SEARCH_PATHS = "$(inherited)";
				ONLY_ACTIVE_ARCH = NO;
				OTHER_SWIFT_FLAGS = "$(inherited) \"-D\" \"COCOAPODS\" -DRELEASE";
				PRODUCT_BUNDLE_IDENTIFIER = com.niraapps.SpaceCat;
				PRODUCT_NAME = "$(TARGET_NAME)";
				PROVISIONING_PROFILE = "";
				SWIFT_OBJC_BRIDGING_HEADER = "$(SRCROOT)/SpaceCat-Bridging-Header.h";
				SWIFT_VERSION = 3.0;
			};
			name = Release;
		};
		D2C6F8BA1A5FF2880050552A /* Debug */ = {
			isa = XCBuildConfiguration;
			baseConfigurationReference = B59DCFDC85BCC28CB73D8937 /* Pods-SpaceCatTests.debug.xcconfig */;
			buildSettings = {
				BUNDLE_LOADER = "$(TEST_HOST)";
				"CODE_SIGN_IDENTITY[sdk=iphoneos*]" = "iPhone Developer";
				DEVELOPMENT_TEAM = HZ4Q3RZNQT;
				FRAMEWORK_SEARCH_PATHS = (
					"$(SDKROOT)/Developer/Library/Frameworks",
					"$(inherited)",
				);
				GCC_PREPROCESSOR_DEFINITIONS = (
					"DEBUG=1",
					"$(inherited)",
				);
				INFOPLIST_FILE = HitBackAppTests/Info.plist;
				LD_RUNPATH_SEARCH_PATHS = "$(inherited) @executable_path/Frameworks @loader_path/Frameworks";
				PRODUCT_BUNDLE_IDENTIFIER = "com.nirapps.$(PRODUCT_NAME:rfc1034identifier)";
				PRODUCT_NAME = "$(TARGET_NAME)";
				TEST_HOST = "$(BUILT_PRODUCTS_DIR)/SpaceCat.app/SpaceCat";
			};
			name = Debug;
		};
		D2C6F8BB1A5FF2880050552A /* Release */ = {
			isa = XCBuildConfiguration;
			baseConfigurationReference = 3D9C1CF0412FAC228BDF09C8 /* Pods-SpaceCatTests.release.xcconfig */;
			buildSettings = {
				BUNDLE_LOADER = "$(TEST_HOST)";
				"CODE_SIGN_IDENTITY[sdk=iphoneos*]" = "iPhone Developer";
				DEVELOPMENT_TEAM = HZ4Q3RZNQT;
				FRAMEWORK_SEARCH_PATHS = (
					"$(SDKROOT)/Developer/Library/Frameworks",
					"$(inherited)",
				);
				INFOPLIST_FILE = HitBackAppTests/Info.plist;
				LD_RUNPATH_SEARCH_PATHS = "$(inherited) @executable_path/Frameworks @loader_path/Frameworks";
				PRODUCT_BUNDLE_IDENTIFIER = "com.nirapps.$(PRODUCT_NAME:rfc1034identifier)";
				PRODUCT_NAME = "$(TARGET_NAME)";
				TEST_HOST = "$(BUILT_PRODUCTS_DIR)/SpaceCat.app/SpaceCat";
			};
			name = Release;
		};
/* End XCBuildConfiguration section */

/* Begin XCConfigurationList section */
		D2C6F8921A5FF2880050552A /* Build configuration list for PBXProject "SpaceCat" */ = {
			isa = XCConfigurationList;
			buildConfigurations = (
				D2C6F8B41A5FF2880050552A /* Debug */,
				D2C6F8B51A5FF2880050552A /* Release */,
			);
			defaultConfigurationIsVisible = 0;
			defaultConfigurationName = Release;
		};
		D2C6F8B61A5FF2880050552A /* Build configuration list for PBXNativeTarget "SpaceCat" */ = {
			isa = XCConfigurationList;
			buildConfigurations = (
				D2C6F8B71A5FF2880050552A /* Debug */,
				D2C6F8B81A5FF2880050552A /* Release */,
			);
			defaultConfigurationIsVisible = 0;
			defaultConfigurationName = Release;
		};
		D2C6F8B91A5FF2880050552A /* Build configuration list for PBXNativeTarget "SpaceCatTests" */ = {
			isa = XCConfigurationList;
			buildConfigurations = (
				D2C6F8BA1A5FF2880050552A /* Debug */,
				D2C6F8BB1A5FF2880050552A /* Release */,
			);
			defaultConfigurationIsVisible = 0;
			defaultConfigurationName = Release;
		};
/* End XCConfigurationList section */
	};
	rootObject = D2C6F88F1A5FF2880050552A /* Project object */;
}
